// !$*UTF8*$!
{
	archiveVersion = 1;
	classes = {
	};
	objectVersion = 48;
	objects = {

/* Begin PBXBuildFile section */
		5016097E21795E450069A347 /* EventIdentityTests.m in Sources */ = {isa = PBXBuildFile; fileRef = 5016097D21795E450069A347 /* EventIdentityTests.m */; };
		5016098021795E450069A347 /* libVrInteractiveDataV5.a in Frameworks */ = {isa = PBXBuildFile; fileRef = 509915AC214B60A500E2AF83 /* libVrInteractiveDataV5.a */; };
		50160989217EB8380069A347 /* UUIDTests.m in Sources */ = {isa = PBXBuildFile; fileRef = 50160988217EB8380069A347 /* UUIDTests.m */; };
		50160993217F16C50069A347 /* OptTests.m in Sources */ = {isa = PBXBuildFile; fileRef = 50160992217F16C50069A347 /* OptTests.m */; };
		50160996217F1D120069A347 /* OldTableRepositoryImpTests.m in Sources */ = {isa = PBXBuildFile; fileRef = 50160995217F1D120069A347 /* OldTableRepositoryImpTests.m */; };
		50160998217F245D0069A347 /* TextTests.m in Sources */ = {isa = PBXBuildFile; fileRef = 50160997217F245D0069A347 /* TextTests.m */; };
		5016099A217F26010069A347 /* StatusTests.m in Sources */ = {isa = PBXBuildFile; fileRef = 50160999217F26010069A347 /* StatusTests.m */; };
		5016099C217F26CF0069A347 /* ResponseTests.m in Sources */ = {isa = PBXBuildFile; fileRef = 5016099B217F26CF0069A347 /* ResponseTests.m */; };
		5016099F217F29BF0069A347 /* SendNullRepositoryTests.m in Sources */ = {isa = PBXBuildFile; fileRef = 5016099E217F29BF0069A347 /* SendNullRepositoryTests.m */; };
		501609A1217F30110069A347 /* SendHttpRepositoryTests.m in Sources */ = {isa = PBXBuildFile; fileRef = 501609A0217F30110069A347 /* SendHttpRepositoryTests.m */; };
		501609A22182B18C0069A347 /* OptValues.h in Copy Files */ = {isa = PBXBuildFile; fileRef = 5042FE32216F0079001FFA72 /* OptValues.h */; };
		5016348C218CB1C000229B04 /* UUID+refresh.m in Sources */ = {isa = PBXBuildFile; fileRef = 5016348B218CB1C000229B04 /* UUID+refresh.m */; };
		5016348E218CB5A000229B04 /* BeaconEventTests.m in Sources */ = {isa = PBXBuildFile; fileRef = 5016348D218CB5A000229B04 /* BeaconEventTests.m */; };
		50163490218D6C5F00229B04 /* URITests.m in Sources */ = {isa = PBXBuildFile; fileRef = 5016348F218D6C5F00229B04 /* URITests.m */; };
		50163495218D892000229B04 /* SendTypeTests.m in Sources */ = {isa = PBXBuildFile; fileRef = 50163494218D892000229B04 /* SendTypeTests.m */; };
		5016349A218D96D900229B04 /* BeaconPublisherTests.m in Sources */ = {isa = PBXBuildFile; fileRef = 50163499218D96D900229B04 /* BeaconPublisherTests.m */; };
		5016349C218DF09D00229B04 /* BeaconProviderTests.m in Sources */ = {isa = PBXBuildFile; fileRef = 5016349B218DF09D00229B04 /* BeaconProviderTests.m */; };
		501634A221901C5500229B04 /* XMLParserTests.m in Sources */ = {isa = PBXBuildFile; fileRef = 501634A121901C5500229B04 /* XMLParserTests.m */; };
		501634A4219028D100229B04 /* XMLPullTests.m in Sources */ = {isa = PBXBuildFile; fileRef = 501634A3219028D100229B04 /* XMLPullTests.m */; };
		501634A62190303D00229B04 /* EncoderTests.m in Sources */ = {isa = PBXBuildFile; fileRef = 501634A52190303D00229B04 /* EncoderTests.m */; };
		5017544C219C17340026CFCC /* ReplaceConfig.m in Sources */ = {isa = PBXBuildFile; fileRef = 5017544B219C17340026CFCC /* ReplaceConfig.m */; };
		5017544F219C56EF0026CFCC /* Range.m in Sources */ = {isa = PBXBuildFile; fileRef = 5017544E219C56EF0026CFCC /* Range.m */; };
		50175451219C5AAA0026CFCC /* RangeTests.m in Sources */ = {isa = PBXBuildFile; fileRef = 50175450219C5AAA0026CFCC /* RangeTests.m */; };
		50175454219C60340026CFCC /* VrOptValidator.m in Sources */ = {isa = PBXBuildFile; fileRef = 50175453219C60340026CFCC /* VrOptValidator.m */; };
		50175457219C61120026CFCC /* VrOptValidatoionHandler.m in Sources */ = {isa = PBXBuildFile; fileRef = 50175456219C61120026CFCC /* VrOptValidatoionHandler.m */; };
		501D4E1721A0069700E3688E /* TrackingFactory.m in Sources */ = {isa = PBXBuildFile; fileRef = 501D4E1621A0069700E3688E /* TrackingFactory.m */; };
		501D4E1A21A007FC00E3688E /* TrackingDisableStrategy.m in Sources */ = {isa = PBXBuildFile; fileRef = 501D4E1921A007FC00E3688E /* TrackingDisableStrategy.m */; };
		501D4E2021A00EB300E3688E /* TrackingEnableStrategy.m in Sources */ = {isa = PBXBuildFile; fileRef = 501D4E1F21A00EB300E3688E /* TrackingEnableStrategy.m */; };
		501D4E2321A0223000E3688E /* Internet.m in Sources */ = {isa = PBXBuildFile; fileRef = 501D4E2221A0223000E3688E /* Internet.m */; };
		501D4E2621A0788400E3688E /* Counter.m in Sources */ = {isa = PBXBuildFile; fileRef = 501D4E2521A0788400E3688E /* Counter.m */; };
		501D4E2821A07C7300E3688E /* CounterTests.m in Sources */ = {isa = PBXBuildFile; fileRef = 501D4E2721A07C7300E3688E /* CounterTests.m */; };
		501D4E2B21A17A9000E3688E /* VrInteractiveBeaconSpec.m in Sources */ = {isa = PBXBuildFile; fileRef = 501D4E2A21A17A9000E3688E /* VrInteractiveBeaconSpec.m */; };
		501D4E7021A6691900E3688E /* ConfigValueAdapter.m in Sources */ = {isa = PBXBuildFile; fileRef = 501D4E6F21A6691900E3688E /* ConfigValueAdapter.m */; };
		501D4E7321A6E41600E3688E /* ConfigSetterValidator.m in Sources */ = {isa = PBXBuildFile; fileRef = 501D4E7221A6E41600E3688E /* ConfigSetterValidator.m */; };
		501D4E7721A7B7EB00E3688E /* TestIrregularUpperBoolVrTrackingConfig.xml in Resources */ = {isa = PBXBuildFile; fileRef = 501D4E7421A7B7EA00E3688E /* TestIrregularUpperBoolVrTrackingConfig.xml */; };
		501D4E7821A7B7EB00E3688E /* TestIrregularWrongURLVrTrackingConfig.xml in Resources */ = {isa = PBXBuildFile; fileRef = 501D4E7521A7B7EA00E3688E /* TestIrregularWrongURLVrTrackingConfig.xml */; };
		501D4E7921A7B7EB00E3688E /* TestIrregularUnderZeroVrTrackingConfig.xml in Resources */ = {isa = PBXBuildFile; fileRef = 501D4E7621A7B7EB00E3688E /* TestIrregularUnderZeroVrTrackingConfig.xml */; };
		501D4E7B21A7B9CC00E3688E /* TestIrregularOverflowVrTrackingConfig.xml in Resources */ = {isa = PBXBuildFile; fileRef = 501D4E7A21A7B9CC00E3688E /* TestIrregularOverflowVrTrackingConfig.xml */; };
		501D4E7E21A86E4F00E3688E /* VrInteractiveTrackingTests.m in Sources */ = {isa = PBXBuildFile; fileRef = 501D4E7D21A86E4E00E3688E /* VrInteractiveTrackingTests.m */; };
		501D4E8121A9289700E3688E /* URLValidator.m in Sources */ = {isa = PBXBuildFile; fileRef = 501D4E8021A9289600E3688E /* URLValidator.m */; };
		501D4E8421A9296100E3688E /* URLValidationHandler.m in Sources */ = {isa = PBXBuildFile; fileRef = 501D4E8321A9296100E3688E /* URLValidationHandler.m */; };
		501D4E8721A9C5DC00E3688E /* VrInteractiveTrackingStub.m in Sources */ = {isa = PBXBuildFile; fileRef = 501D4E8621A9C5DC00E3688E /* VrInteractiveTrackingStub.m */; };
		501F7CB7241E04E700A9E618 /* SessionID.m in Sources */ = {isa = PBXBuildFile; fileRef = 501F7CB6241E04E700A9E618 /* SessionID.m */; };
		501F7CBC241E162200A9E618 /* SessionIDTests.m in Sources */ = {isa = PBXBuildFile; fileRef = 501F7CBB241E162200A9E618 /* SessionIDTests.m */; };
		501F7CBE241E6ED000A9E618 /* VrInteractiveTrackingSessionIDTest.m in Sources */ = {isa = PBXBuildFile; fileRef = 501F7CBD241E6ED000A9E618 /* VrInteractiveTrackingSessionIDTest.m */; };
		5042FD642154D9B4001FFA72 /* OldTableRepositoryImpl.m in Sources */ = {isa = PBXBuildFile; fileRef = 5042FD632154D9B4001FFA72 /* OldTableRepositoryImpl.m */; };
		5042FD7C2159E253001FFA72 /* Opt.m in Sources */ = {isa = PBXBuildFile; fileRef = 5042FD7A2159E253001FFA72 /* Opt.m */; };
		5042FD7D2159E253001FFA72 /* UUID.m in Sources */ = {isa = PBXBuildFile; fileRef = 5042FD7B2159E253001FFA72 /* UUID.m */; };
		5042FD842159E28C001FFA72 /* VrInteractiveTrackingAdapter.m in Sources */ = {isa = PBXBuildFile; fileRef = 5042FD812159E28C001FFA72 /* VrInteractiveTrackingAdapter.m */; };
		5042FD8C2159E4FB001FFA72 /* ConfigFile.m in Sources */ = {isa = PBXBuildFile; fileRef = 5042FD872159E4FA001FFA72 /* ConfigFile.m */; };
		5042FD8D2159E4FB001FFA72 /* ConfigFileProvider.m in Sources */ = {isa = PBXBuildFile; fileRef = 5042FD892159E4FB001FFA72 /* ConfigFileProvider.m */; };
		5042FD95215CCD8E001FFA72 /* Reachability.m in Sources */ = {isa = PBXBuildFile; fileRef = 5042FD94215CCD8E001FFA72 /* Reachability.m */; };
		5042FDDA215FDB02001FFA72 /* XMLParser.m in Sources */ = {isa = PBXBuildFile; fileRef = 5042FDD9215FDB02001FFA72 /* XMLParser.m */; };
		5042FDDD2161EE64001FFA72 /* XMLPull.m in Sources */ = {isa = PBXBuildFile; fileRef = 5042FDDC2161EE64001FFA72 /* XMLPull.m */; };
		5042FDE021626F8D001FFA72 /* QueryParameter.m in Sources */ = {isa = PBXBuildFile; fileRef = 5042FDDF21626F8D001FFA72 /* QueryParameter.m */; };
		5042FDE32162745B001FFA72 /* QueryParameters.m in Sources */ = {isa = PBXBuildFile; fileRef = 5042FDE22162745B001FFA72 /* QueryParameters.m */; };
		5042FDF0216450AE001FFA72 /* QuerySpec.m in Sources */ = {isa = PBXBuildFile; fileRef = 5042FDEF216450AE001FFA72 /* QuerySpec.m */; };
		5042FDFF21650701001FFA72 /* Response.m in Sources */ = {isa = PBXBuildFile; fileRef = 5042FDFE21650701001FFA72 /* Response.m */; };
		5042FE02216508D8001FFA72 /* Status.m in Sources */ = {isa = PBXBuildFile; fileRef = 5042FE01216508D8001FFA72 /* Status.m */; };
		5042FE0521650B9E001FFA72 /* Text.m in Sources */ = {isa = PBXBuildFile; fileRef = 5042FE0421650B9E001FFA72 /* Text.m */; };
		5042FE0921658AC0001FFA72 /* BeaconEvent.m in Sources */ = {isa = PBXBuildFile; fileRef = 5042FE0821658AC0001FFA72 /* BeaconEvent.m */; };
		5042FE0C21676E5A001FFA72 /* EventIdentity.m in Sources */ = {isa = PBXBuildFile; fileRef = 5042FE0B21676E5A001FFA72 /* EventIdentity.m */; };
		5042FE0F216A6CA9001FFA72 /* URI.m in Sources */ = {isa = PBXBuildFile; fileRef = 5042FE0E216A6CA9001FFA72 /* URI.m */; };
		5042FE12216A7461001FFA72 /* Encoder.m in Sources */ = {isa = PBXBuildFile; fileRef = 5042FE11216A7461001FFA72 /* Encoder.m */; };
		5042FE19216AF1AA001FFA72 /* SendHttpRepository.m in Sources */ = {isa = PBXBuildFile; fileRef = 5042FE18216AF1AA001FFA72 /* SendHttpRepository.m */; };
		5042FE1C216B01A9001FFA72 /* SendNullRepository.m in Sources */ = {isa = PBXBuildFile; fileRef = 5042FE1B216B01A9001FFA72 /* SendNullRepository.m */; };
		5042FE1F216B0798001FFA72 /* BeaconStrategy.m in Sources */ = {isa = PBXBuildFile; fileRef = 5042FE1E216B0798001FFA72 /* BeaconStrategy.m */; };
		5042FE22216B0F8B001FFA72 /* SendType.m in Sources */ = {isa = PBXBuildFile; fileRef = 5042FE21216B0F8B001FFA72 /* SendType.m */; };
		5042FE28216B1FF5001FFA72 /* BeaconPublisher.m in Sources */ = {isa = PBXBuildFile; fileRef = 5042FE27216B1FF5001FFA72 /* BeaconPublisher.m */; };
		5042FE2B216B2331001FFA72 /* BeaconProvider.m in Sources */ = {isa = PBXBuildFile; fileRef = 5042FE2A216B2331001FFA72 /* BeaconProvider.m */; };
		5042FE31216BD123001FFA72 /* ConfigQueParams.m in Sources */ = {isa = PBXBuildFile; fileRef = 5042FE30216BD123001FFA72 /* ConfigQueParams.m */; };
		5042FE34216F0079001FFA72 /* OptValues.m in Sources */ = {isa = PBXBuildFile; fileRef = 5042FE33216F0079001FFA72 /* OptValues.m */; };
		5045702121B92C6D003511D1 /* VrQueryParameter.m in Sources */ = {isa = PBXBuildFile; fileRef = 5045702021B92C6D003511D1 /* VrQueryParameter.m */; };
		504B2D35218815FC00CE0752 /* QueryParameterTest.m in Sources */ = {isa = PBXBuildFile; fileRef = 504B2D34218815FC00CE0752 /* QueryParameterTest.m */; };
		504B2D372188193500CE0752 /* QueryParametersTest.m in Sources */ = {isa = PBXBuildFile; fileRef = 504B2D362188193500CE0752 /* QueryParametersTest.m */; };
		504B2D3921882A1B00CE0752 /* QuerySpecTest.m in Sources */ = {isa = PBXBuildFile; fileRef = 504B2D3821882A1B00CE0752 /* QuerySpecTest.m */; };
		504B2D3C2189A16500CE0752 /* ConfigFileTests.m in Sources */ = {isa = PBXBuildFile; fileRef = 504B2D3B2189A16500CE0752 /* ConfigFileTests.m */; };
		504B2D3E218AA8C700CE0752 /* ConfigFileProviderTests.m in Sources */ = {isa = PBXBuildFile; fileRef = 504B2D3D218AA8C700CE0752 /* ConfigFileProviderTests.m */; };
		504B2D41218AFA5400CE0752 /* TestVrTrackingConfig.xml in Resources */ = {isa = PBXBuildFile; fileRef = 504B2D40218AFA5400CE0752 /* TestVrTrackingConfig.xml */; };
		504B2D44218B4E8600CE0752 /* ConfigFileProviderStub.m in Sources */ = {isa = PBXBuildFile; fileRef = 504B2D43218B4E8600CE0752 /* ConfigFileProviderStub.m */; };
		504B2D46218B50C500CE0752 /* vrTrackingConfig.xml in Resources */ = {isa = PBXBuildFile; fileRef = 504B2D45218B50C400CE0752 /* vrTrackingConfig.xml */; };
		5071B985249763D200236B24 /* SeriesVrTrackingConfig.xml in Resources */ = {isa = PBXBuildFile; fileRef = 5071B984249763D100236B24 /* SeriesVrTrackingConfig.xml */; };
		5071B98E24A05EA900236B24 /* SeriesVrTrackingConfig3.xml in Resources */ = {isa = PBXBuildFile; fileRef = 5071B98C24A05EA800236B24 /* SeriesVrTrackingConfig3.xml */; };
		5071B98F24A05EA900236B24 /* SeriesVrTrackingConfig2.xml in Resources */ = {isa = PBXBuildFile; fileRef = 5071B98D24A05EA800236B24 /* SeriesVrTrackingConfig2.xml */; };
		5071B99324A064D000236B24 /* vrTrackingConfigMulti.xml in Resources */ = {isa = PBXBuildFile; fileRef = 5071B99024A064C900236B24 /* vrTrackingConfigMulti.xml */; };
		5071B99424A064D000236B24 /* vrTrackingConfigMulti2.xml in Resources */ = {isa = PBXBuildFile; fileRef = 5071B99124A064C900236B24 /* vrTrackingConfigMulti2.xml */; };
		5071B99524A064D000236B24 /* vrTrackingConfigMulti3.xml in Resources */ = {isa = PBXBuildFile; fileRef = 5071B99224A064C900236B24 /* vrTrackingConfigMulti3.xml */; };
		507F0C8E21E77A9300F3B6DD /* URLValidatorTests.m in Sources */ = {isa = PBXBuildFile; fileRef = 507F0C8D21E77A9300F3B6DD /* URLValidatorTests.m */; };
		509915B1214B60A500E2AF83 /* VrInteractiveTracking.m in Sources */ = {isa = PBXBuildFile; fileRef = 509915B0214B60A500E2AF83 /* VrInteractiveTracking.m */; };
		509915B2214B60A500E2AF83 /* VrInteractiveTracking.h in Copy Files */ = {isa = PBXBuildFile; fileRef = 509915AF214B60A500E2AF83 /* VrInteractiveTracking.h */; };
		509915BA214BAA9A00E2AF83 /* VrInteractiveData.m in Sources */ = {isa = PBXBuildFile; fileRef = 509915B9214BAA9A00E2AF83 /* VrInteractiveData.m */; };
		50A9424F21AEEAB800E8D31B /* ConfigLoadBlock.m in Sources */ = {isa = PBXBuildFile; fileRef = 50A9424E21AEEAB800E8D31B /* ConfigLoadBlock.m */; };
		50A9425221AEEC1800E8D31B /* ConfigMediator.m in Sources */ = {isa = PBXBuildFile; fileRef = 50A9425121AEEC1800E8D31B /* ConfigMediator.m */; };
		50AB88F321509ABF0047CC22 /* VrInteractiveData.h in Copy Files */ = {isa = PBXBuildFile; fileRef = 509915B8214BAA9A00E2AF83 /* VrInteractiveData.h */; };
		50AB88F82150BD3C0047CC22 /* HouseKeeper.m in Sources */ = {isa = PBXBuildFile; fileRef = 50AB88F72150BD3C0047CC22 /* HouseKeeper.m */; };
		50CDCC5B21C68AFA004D7950 /* VrInteractiveTrackingForDisabled.m in Sources */ = {isa = PBXBuildFile; fileRef = 50CDCC5A21C68AFA004D7950 /* VrInteractiveTrackingForDisabled.m */; };
		50CDCC6221C7745D004D7950 /* SendAcceptorTests.m in Sources */ = {isa = PBXBuildFile; fileRef = 50CDCC6121C7745D004D7950 /* SendAcceptorTests.m */; };
		50D444D321C662E000C52281 /* VrInteractiveTrackingTestsForOptOut.m in Sources */ = {isa = PBXBuildFile; fileRef = 50D444D221C662E000C52281 /* VrInteractiveTrackingTestsForOptOut.m */; };
		50F5FEBE22257B5C007B3832 /* StateTests.m in Sources */ = {isa = PBXBuildFile; fileRef = 50F5FEBD22257B5C007B3832 /* StateTests.m */; };
		50F82B3721971EB4007B2281 /* ValidationError.m in Sources */ = {isa = PBXBuildFile; fileRef = 50F82B3621971EB4007B2281 /* ValidationError.m */; };
		50F82B3F219732D1007B2281 /* ConfigValidationHandler.m in Sources */ = {isa = PBXBuildFile; fileRef = 50F82B3E219732D1007B2281 /* ConfigValidationHandler.m */; };
		50F82B4621973E2C007B2281 /* ConfigValidator.m in Sources */ = {isa = PBXBuildFile; fileRef = 50F82B4521973E2C007B2281 /* ConfigValidator.m */; };
		50F82B4921994BCC007B2281 /* VRIException.m in Sources */ = {isa = PBXBuildFile; fileRef = 50F82B4821994BCC007B2281 /* VRIException.m */; };
		50F82B4B219951EF007B2281 /* TestIrregularVrTrackingConfig.xml in Resources */ = {isa = PBXBuildFile; fileRef = 50F82B4A219951EF007B2281 /* TestIrregularVrTrackingConfig.xml */; };
		50F82B4E2199F3B2007B2281 /* VrInteractiveTrackingSpec.m in Sources */ = {isa = PBXBuildFile; fileRef = 50F82B4D2199F3B2007B2281 /* VrInteractiveTrackingSpec.m */; };
		50F82B512199FB39007B2281 /* State.m in Sources */ = {isa = PBXBuildFile; fileRef = 50F82B502199FB39007B2281 /* State.m */; };
		50F82B552199FD84007B2281 /* ConfigAcceptor.m in Sources */ = {isa = PBXBuildFile; fileRef = 50F82B542199FD84007B2281 /* ConfigAcceptor.m */; };
		50F82B58219A08C3007B2281 /* SendAcceptor.m in Sources */ = {isa = PBXBuildFile; fileRef = 50F82B57219A08C3007B2281 /* SendAcceptor.m */; };
/* End PBXBuildFile section */

/* Begin PBXContainerItemProxy section */
		5016098121795E450069A347 /* PBXContainerItemProxy */ = {
			isa = PBXContainerItemProxy;
			containerPortal = 509915A4214B60A500E2AF83 /* Project object */;
			proxyType = 1;
			remoteGlobalIDString = 509915AB214B60A500E2AF83;
			remoteInfo = VrInteractiveTracking;
		};
/* End PBXContainerItemProxy section */

/* Begin PBXCopyFilesBuildPhase section */
		509915AA214B60A500E2AF83 /* Copy Files */ = {
			isa = PBXCopyFilesBuildPhase;
			buildActionMask = 2147483647;
			dstPath = "include/$(PRODUCT_NAME)";
			dstSubfolderSpec = 16;
			files = (
				501609A22182B18C0069A347 /* OptValues.h in Copy Files */,
				50AB88F321509ABF0047CC22 /* VrInteractiveData.h in Copy Files */,
				509915B2214B60A500E2AF83 /* VrInteractiveTracking.h in Copy Files */,
			);
			name = "Copy Files";
			runOnlyForDeploymentPostprocessing = 0;
		};
/* End PBXCopyFilesBuildPhase section */

/* Begin PBXFileReference section */
		5016097B21795E450069A347 /* Tests.xctest */ = {isa = PBXFileReference; explicitFileType = wrapper.cfbundle; includeInIndex = 0; path = Tests.xctest; sourceTree = BUILT_PRODUCTS_DIR; };
		5016097D21795E450069A347 /* EventIdentityTests.m */ = {isa = PBXFileReference; lastKnownFileType = sourcecode.c.objc; path = EventIdentityTests.m; sourceTree = "<group>"; };
		5016097F21795E450069A347 /* Info.plist */ = {isa = PBXFileReference; lastKnownFileType = text.plist.xml; path = Info.plist; sourceTree = "<group>"; };
		50160988217EB8380069A347 /* UUIDTests.m */ = {isa = PBXFileReference; lastKnownFileType = sourcecode.c.objc; path = UUIDTests.m; sourceTree = "<group>"; };
		50160992217F16C50069A347 /* OptTests.m */ = {isa = PBXFileReference; lastKnownFileType = sourcecode.c.objc; path = OptTests.m; sourceTree = "<group>"; };
		50160995217F1D120069A347 /* OldTableRepositoryImpTests.m */ = {isa = PBXFileReference; lastKnownFileType = sourcecode.c.objc; path = OldTableRepositoryImpTests.m; sourceTree = "<group>"; };
		50160997217F245D0069A347 /* TextTests.m */ = {isa = PBXFileReference; lastKnownFileType = sourcecode.c.objc; path = TextTests.m; sourceTree = "<group>"; };
		50160999217F26010069A347 /* StatusTests.m */ = {isa = PBXFileReference; lastKnownFileType = sourcecode.c.objc; path = StatusTests.m; sourceTree = "<group>"; };
		5016099B217F26CF0069A347 /* ResponseTests.m */ = {isa = PBXFileReference; lastKnownFileType = sourcecode.c.objc; path = ResponseTests.m; sourceTree = "<group>"; };
		5016099E217F29BF0069A347 /* SendNullRepositoryTests.m */ = {isa = PBXFileReference; lastKnownFileType = sourcecode.c.objc; path = SendNullRepositoryTests.m; sourceTree = "<group>"; };
		501609A0217F30110069A347 /* SendHttpRepositoryTests.m */ = {isa = PBXFileReference; lastKnownFileType = sourcecode.c.objc; path = SendHttpRepositoryTests.m; sourceTree = "<group>"; };
		50163486218C4A8800229B04 /* JazzyBridgingHeader.h */ = {isa = PBXFileReference; lastKnownFileType = sourcecode.c.h; path = JazzyBridgingHeader.h; sourceTree = "<group>"; };
		5016348A218CB1C000229B04 /* UUID+refresh.h */ = {isa = PBXFileReference; lastKnownFileType = sourcecode.c.h; path = "UUID+refresh.h"; sourceTree = "<group>"; };
		5016348B218CB1C000229B04 /* UUID+refresh.m */ = {isa = PBXFileReference; lastKnownFileType = sourcecode.c.objc; path = "UUID+refresh.m"; sourceTree = "<group>"; };
		5016348D218CB5A000229B04 /* BeaconEventTests.m */ = {isa = PBXFileReference; lastKnownFileType = sourcecode.c.objc; path = BeaconEventTests.m; sourceTree = "<group>"; };
		5016348F218D6C5F00229B04 /* URITests.m */ = {isa = PBXFileReference; lastKnownFileType = sourcecode.c.objc; path = URITests.m; sourceTree = "<group>"; };
		50163494218D892000229B04 /* SendTypeTests.m */ = {isa = PBXFileReference; lastKnownFileType = sourcecode.c.objc; path = SendTypeTests.m; sourceTree = "<group>"; };
		50163499218D96D900229B04 /* BeaconPublisherTests.m */ = {isa = PBXFileReference; lastKnownFileType = sourcecode.c.objc; path = BeaconPublisherTests.m; sourceTree = "<group>"; };
		5016349B218DF09D00229B04 /* BeaconProviderTests.m */ = {isa = PBXFileReference; lastKnownFileType = sourcecode.c.objc; path = BeaconProviderTests.m; sourceTree = "<group>"; };
		501634A121901C5500229B04 /* XMLParserTests.m */ = {isa = PBXFileReference; lastKnownFileType = sourcecode.c.objc; path = XMLParserTests.m; sourceTree = "<group>"; };
		501634A3219028D100229B04 /* XMLPullTests.m */ = {isa = PBXFileReference; lastKnownFileType = sourcecode.c.objc; path = XMLPullTests.m; sourceTree = "<group>"; };
		501634A52190303D00229B04 /* EncoderTests.m */ = {isa = PBXFileReference; lastKnownFileType = sourcecode.c.objc; path = EncoderTests.m; sourceTree = "<group>"; };
		50175448219BE0ED0026CFCC /* VrInteractiveTracking-Prefix.pch */ = {isa = PBXFileReference; lastKnownFileType = sourcecode.c.h; path = "VrInteractiveTracking-Prefix.pch"; sourceTree = "<group>"; };
		5017544A219C17340026CFCC /* ReplaceConfig.h */ = {isa = PBXFileReference; lastKnownFileType = sourcecode.c.h; path = ReplaceConfig.h; sourceTree = "<group>"; };
		5017544B219C17340026CFCC /* ReplaceConfig.m */ = {isa = PBXFileReference; lastKnownFileType = sourcecode.c.objc; path = ReplaceConfig.m; sourceTree = "<group>"; };
		5017544D219C56EF0026CFCC /* Range.h */ = {isa = PBXFileReference; lastKnownFileType = sourcecode.c.h; path = Range.h; sourceTree = "<group>"; };
		5017544E219C56EF0026CFCC /* Range.m */ = {isa = PBXFileReference; lastKnownFileType = sourcecode.c.objc; path = Range.m; sourceTree = "<group>"; };
		50175450219C5AAA0026CFCC /* RangeTests.m */ = {isa = PBXFileReference; lastKnownFileType = sourcecode.c.objc; path = RangeTests.m; sourceTree = "<group>"; };
		50175452219C60340026CFCC /* VrOptValidator.h */ = {isa = PBXFileReference; lastKnownFileType = sourcecode.c.h; path = VrOptValidator.h; sourceTree = "<group>"; };
		50175453219C60340026CFCC /* VrOptValidator.m */ = {isa = PBXFileReference; lastKnownFileType = sourcecode.c.objc; path = VrOptValidator.m; sourceTree = "<group>"; };
		50175455219C61120026CFCC /* VrOptValidatoionHandler.h */ = {isa = PBXFileReference; lastKnownFileType = sourcecode.c.h; path = VrOptValidatoionHandler.h; sourceTree = "<group>"; };
		50175456219C61120026CFCC /* VrOptValidatoionHandler.m */ = {isa = PBXFileReference; lastKnownFileType = sourcecode.c.objc; path = VrOptValidatoionHandler.m; sourceTree = "<group>"; };
		501D4E1421A0038C00E3688E /* TrackingStrategy.h */ = {isa = PBXFileReference; lastKnownFileType = sourcecode.c.h; path = TrackingStrategy.h; sourceTree = "<group>"; };
		501D4E1521A0069700E3688E /* TrackingFactory.h */ = {isa = PBXFileReference; lastKnownFileType = sourcecode.c.h; path = TrackingFactory.h; sourceTree = "<group>"; };
		501D4E1621A0069700E3688E /* TrackingFactory.m */ = {isa = PBXFileReference; lastKnownFileType = sourcecode.c.objc; path = TrackingFactory.m; sourceTree = "<group>"; };
		501D4E1821A007FC00E3688E /* TrackingDisableStrategy.h */ = {isa = PBXFileReference; lastKnownFileType = sourcecode.c.h; path = TrackingDisableStrategy.h; sourceTree = "<group>"; };
		501D4E1921A007FC00E3688E /* TrackingDisableStrategy.m */ = {isa = PBXFileReference; lastKnownFileType = sourcecode.c.objc; path = TrackingDisableStrategy.m; sourceTree = "<group>"; };
		501D4E1E21A00EB300E3688E /* TrackingEnableStrategy.h */ = {isa = PBXFileReference; lastKnownFileType = sourcecode.c.h; path = TrackingEnableStrategy.h; sourceTree = "<group>"; };
		501D4E1F21A00EB300E3688E /* TrackingEnableStrategy.m */ = {isa = PBXFileReference; lastKnownFileType = sourcecode.c.objc; path = TrackingEnableStrategy.m; sourceTree = "<group>"; };
		501D4E2121A0223000E3688E /* Internet.h */ = {isa = PBXFileReference; lastKnownFileType = sourcecode.c.h; path = Internet.h; sourceTree = "<group>"; };
		501D4E2221A0223000E3688E /* Internet.m */ = {isa = PBXFileReference; lastKnownFileType = sourcecode.c.objc; path = Internet.m; sourceTree = "<group>"; };
		501D4E2421A0788400E3688E /* Counter.h */ = {isa = PBXFileReference; lastKnownFileType = sourcecode.c.h; path = Counter.h; sourceTree = "<group>"; };
		501D4E2521A0788400E3688E /* Counter.m */ = {isa = PBXFileReference; lastKnownFileType = sourcecode.c.objc; path = Counter.m; sourceTree = "<group>"; };
		501D4E2721A07C7300E3688E /* CounterTests.m */ = {isa = PBXFileReference; lastKnownFileType = sourcecode.c.objc; path = CounterTests.m; sourceTree = "<group>"; };
		501D4E2921A17A9000E3688E /* VrInteractiveBeaconSpec.h */ = {isa = PBXFileReference; lastKnownFileType = sourcecode.c.h; path = VrInteractiveBeaconSpec.h; sourceTree = "<group>"; };
		501D4E2A21A17A9000E3688E /* VrInteractiveBeaconSpec.m */ = {isa = PBXFileReference; lastKnownFileType = sourcecode.c.objc; path = VrInteractiveBeaconSpec.m; sourceTree = "<group>"; };
		501D4E6E21A6691900E3688E /* ConfigValueAdapter.h */ = {isa = PBXFileReference; lastKnownFileType = sourcecode.c.h; path = ConfigValueAdapter.h; sourceTree = "<group>"; };
		501D4E6F21A6691900E3688E /* ConfigValueAdapter.m */ = {isa = PBXFileReference; lastKnownFileType = sourcecode.c.objc; path = ConfigValueAdapter.m; sourceTree = "<group>"; };
		501D4E7121A6E41600E3688E /* ConfigSetterValidator.h */ = {isa = PBXFileReference; lastKnownFileType = sourcecode.c.h; path = ConfigSetterValidator.h; sourceTree = "<group>"; };
		501D4E7221A6E41600E3688E /* ConfigSetterValidator.m */ = {isa = PBXFileReference; lastKnownFileType = sourcecode.c.objc; path = ConfigSetterValidator.m; sourceTree = "<group>"; };
		501D4E7421A7B7EA00E3688E /* TestIrregularUpperBoolVrTrackingConfig.xml */ = {isa = PBXFileReference; fileEncoding = 4; lastKnownFileType = text.xml; path = TestIrregularUpperBoolVrTrackingConfig.xml; sourceTree = "<group>"; };
		501D4E7521A7B7EA00E3688E /* TestIrregularWrongURLVrTrackingConfig.xml */ = {isa = PBXFileReference; fileEncoding = 4; lastKnownFileType = text.xml; path = TestIrregularWrongURLVrTrackingConfig.xml; sourceTree = "<group>"; };
		501D4E7621A7B7EB00E3688E /* TestIrregularUnderZeroVrTrackingConfig.xml */ = {isa = PBXFileReference; fileEncoding = 4; lastKnownFileType = text.xml; path = TestIrregularUnderZeroVrTrackingConfig.xml; sourceTree = "<group>"; };
		501D4E7A21A7B9CC00E3688E /* TestIrregularOverflowVrTrackingConfig.xml */ = {isa = PBXFileReference; fileEncoding = 4; lastKnownFileType = text.xml; path = TestIrregularOverflowVrTrackingConfig.xml; sourceTree = "<group>"; };
		501D4E7D21A86E4E00E3688E /* VrInteractiveTrackingTests.m */ = {isa = PBXFileReference; lastKnownFileType = sourcecode.c.objc; path = VrInteractiveTrackingTests.m; sourceTree = "<group>"; };
		501D4E7F21A9289600E3688E /* URLValidator.h */ = {isa = PBXFileReference; lastKnownFileType = sourcecode.c.h; path = URLValidator.h; sourceTree = "<group>"; };
		501D4E8021A9289600E3688E /* URLValidator.m */ = {isa = PBXFileReference; lastKnownFileType = sourcecode.c.objc; path = URLValidator.m; sourceTree = "<group>"; };
		501D4E8221A9296100E3688E /* URLValidationHandler.h */ = {isa = PBXFileReference; lastKnownFileType = sourcecode.c.h; path = URLValidationHandler.h; sourceTree = "<group>"; };
		501D4E8321A9296100E3688E /* URLValidationHandler.m */ = {isa = PBXFileReference; lastKnownFileType = sourcecode.c.objc; path = URLValidationHandler.m; sourceTree = "<group>"; };
		501D4E8521A9C5DC00E3688E /* VrInteractiveTrackingStub.h */ = {isa = PBXFileReference; lastKnownFileType = sourcecode.c.h; path = VrInteractiveTrackingStub.h; sourceTree = "<group>"; };
		501D4E8621A9C5DC00E3688E /* VrInteractiveTrackingStub.m */ = {isa = PBXFileReference; lastKnownFileType = sourcecode.c.objc; path = VrInteractiveTrackingStub.m; sourceTree = "<group>"; };
		501F7CB5241E04E700A9E618 /* SessionID.h */ = {isa = PBXFileReference; lastKnownFileType = sourcecode.c.h; path = SessionID.h; sourceTree = "<group>"; };
		501F7CB6241E04E700A9E618 /* SessionID.m */ = {isa = PBXFileReference; lastKnownFileType = sourcecode.c.objc; path = SessionID.m; sourceTree = "<group>"; };
		501F7CBB241E162200A9E618 /* SessionIDTests.m */ = {isa = PBXFileReference; lastKnownFileType = sourcecode.c.objc; path = SessionIDTests.m; sourceTree = "<group>"; };
		501F7CBD241E6ED000A9E618 /* VrInteractiveTrackingSessionIDTest.m */ = {isa = PBXFileReference; lastKnownFileType = sourcecode.c.objc; path = VrInteractiveTrackingSessionIDTest.m; sourceTree = "<group>"; };
		5042FD622154D9B4001FFA72 /* OldTableRepositoryImpl.h */ = {isa = PBXFileReference; lastKnownFileType = sourcecode.c.h; path = OldTableRepositoryImpl.h; sourceTree = "<group>"; };
		5042FD632154D9B4001FFA72 /* OldTableRepositoryImpl.m */ = {isa = PBXFileReference; lastKnownFileType = sourcecode.c.objc; path = OldTableRepositoryImpl.m; sourceTree = "<group>"; };
		5042FD782159E253001FFA72 /* UUID.h */ = {isa = PBXFileReference; fileEncoding = 4; lastKnownFileType = sourcecode.c.h; path = UUID.h; sourceTree = "<group>"; };
		5042FD792159E253001FFA72 /* Opt.h */ = {isa = PBXFileReference; fileEncoding = 4; lastKnownFileType = sourcecode.c.h; path = Opt.h; sourceTree = "<group>"; };
		5042FD7A2159E253001FFA72 /* Opt.m */ = {isa = PBXFileReference; fileEncoding = 4; lastKnownFileType = sourcecode.c.objc; path = Opt.m; sourceTree = "<group>"; };
		5042FD7B2159E253001FFA72 /* UUID.m */ = {isa = PBXFileReference; fileEncoding = 4; lastKnownFileType = sourcecode.c.objc; path = UUID.m; sourceTree = "<group>"; };
		5042FD802159E28C001FFA72 /* VrInteractiveTrackingAdapter.h */ = {isa = PBXFileReference; fileEncoding = 4; lastKnownFileType = sourcecode.c.h; path = VrInteractiveTrackingAdapter.h; sourceTree = "<group>"; };
		5042FD812159E28C001FFA72 /* VrInteractiveTrackingAdapter.m */ = {isa = PBXFileReference; fileEncoding = 4; lastKnownFileType = sourcecode.c.objc; path = VrInteractiveTrackingAdapter.m; sourceTree = "<group>"; };
		5042FD862159E4FA001FFA72 /* ConfigFileProvider.h */ = {isa = PBXFileReference; fileEncoding = 4; lastKnownFileType = sourcecode.c.h; path = ConfigFileProvider.h; sourceTree = "<group>"; };
		5042FD872159E4FA001FFA72 /* ConfigFile.m */ = {isa = PBXFileReference; fileEncoding = 4; lastKnownFileType = sourcecode.c.objc; path = ConfigFile.m; sourceTree = "<group>"; };
		5042FD882159E4FA001FFA72 /* Config.h */ = {isa = PBXFileReference; fileEncoding = 4; lastKnownFileType = sourcecode.c.h; path = Config.h; sourceTree = "<group>"; };
		5042FD892159E4FB001FFA72 /* ConfigFileProvider.m */ = {isa = PBXFileReference; fileEncoding = 4; lastKnownFileType = sourcecode.c.objc; path = ConfigFileProvider.m; sourceTree = "<group>"; };
		5042FD8A2159E4FB001FFA72 /* ConfigFile.h */ = {isa = PBXFileReference; fileEncoding = 4; lastKnownFileType = sourcecode.c.h; path = ConfigFile.h; sourceTree = "<group>"; };
		5042FD8B2159E4FB001FFA72 /* ConfigProvider.h */ = {isa = PBXFileReference; fileEncoding = 4; lastKnownFileType = sourcecode.c.h; path = ConfigProvider.h; sourceTree = "<group>"; };
		5042FD93215CCD8E001FFA72 /* Reachability.h */ = {isa = PBXFileReference; lastKnownFileType = sourcecode.c.h; path = Reachability.h; sourceTree = "<group>"; };
		5042FD94215CCD8E001FFA72 /* Reachability.m */ = {isa = PBXFileReference; lastKnownFileType = sourcecode.c.objc; path = Reachability.m; sourceTree = "<group>"; };
		5042FDD8215FDB02001FFA72 /* XMLParser.h */ = {isa = PBXFileReference; lastKnownFileType = sourcecode.c.h; path = XMLParser.h; sourceTree = "<group>"; };
		5042FDD9215FDB02001FFA72 /* XMLParser.m */ = {isa = PBXFileReference; lastKnownFileType = sourcecode.c.objc; path = XMLParser.m; sourceTree = "<group>"; };
		5042FDDB2161EE64001FFA72 /* XMLPull.h */ = {isa = PBXFileReference; lastKnownFileType = sourcecode.c.h; path = XMLPull.h; sourceTree = "<group>"; };
		5042FDDC2161EE64001FFA72 /* XMLPull.m */ = {isa = PBXFileReference; lastKnownFileType = sourcecode.c.objc; path = XMLPull.m; sourceTree = "<group>"; };
		5042FDDE21626F8D001FFA72 /* QueryParameter.h */ = {isa = PBXFileReference; lastKnownFileType = sourcecode.c.h; path = QueryParameter.h; sourceTree = "<group>"; };
		5042FDDF21626F8D001FFA72 /* QueryParameter.m */ = {isa = PBXFileReference; lastKnownFileType = sourcecode.c.objc; path = QueryParameter.m; sourceTree = "<group>"; };
		5042FDE12162745B001FFA72 /* QueryParameters.h */ = {isa = PBXFileReference; lastKnownFileType = sourcecode.c.h; path = QueryParameters.h; sourceTree = "<group>"; };
		5042FDE22162745B001FFA72 /* QueryParameters.m */ = {isa = PBXFileReference; lastKnownFileType = sourcecode.c.objc; path = QueryParameters.m; sourceTree = "<group>"; };
		5042FDEE216450AE001FFA72 /* QuerySpec.h */ = {isa = PBXFileReference; lastKnownFileType = sourcecode.c.h; path = QuerySpec.h; sourceTree = "<group>"; };
		5042FDEF216450AE001FFA72 /* QuerySpec.m */ = {isa = PBXFileReference; lastKnownFileType = sourcecode.c.objc; path = QuerySpec.m; sourceTree = "<group>"; };
		5042FDFD21650701001FFA72 /* Response.h */ = {isa = PBXFileReference; lastKnownFileType = sourcecode.c.h; path = Response.h; sourceTree = "<group>"; };
		5042FDFE21650701001FFA72 /* Response.m */ = {isa = PBXFileReference; lastKnownFileType = sourcecode.c.objc; path = Response.m; sourceTree = "<group>"; };
		5042FE00216508D8001FFA72 /* Status.h */ = {isa = PBXFileReference; lastKnownFileType = sourcecode.c.h; path = Status.h; sourceTree = "<group>"; };
		5042FE01216508D8001FFA72 /* Status.m */ = {isa = PBXFileReference; lastKnownFileType = sourcecode.c.objc; path = Status.m; sourceTree = "<group>"; };
		5042FE0321650B9E001FFA72 /* Text.h */ = {isa = PBXFileReference; lastKnownFileType = sourcecode.c.h; path = Text.h; sourceTree = "<group>"; };
		5042FE0421650B9E001FFA72 /* Text.m */ = {isa = PBXFileReference; lastKnownFileType = sourcecode.c.objc; path = Text.m; sourceTree = "<group>"; };
		5042FE0621658863001FFA72 /* Event.h */ = {isa = PBXFileReference; lastKnownFileType = sourcecode.c.h; path = Event.h; sourceTree = "<group>"; };
		5042FE0721658AC0001FFA72 /* BeaconEvent.h */ = {isa = PBXFileReference; lastKnownFileType = sourcecode.c.h; path = BeaconEvent.h; sourceTree = "<group>"; };
		5042FE0821658AC0001FFA72 /* BeaconEvent.m */ = {isa = PBXFileReference; lastKnownFileType = sourcecode.c.objc; path = BeaconEvent.m; sourceTree = "<group>"; };
		5042FE0A21676E5A001FFA72 /* EventIdentity.h */ = {isa = PBXFileReference; lastKnownFileType = sourcecode.c.h; path = EventIdentity.h; sourceTree = "<group>"; };
		5042FE0B21676E5A001FFA72 /* EventIdentity.m */ = {isa = PBXFileReference; lastKnownFileType = sourcecode.c.objc; path = EventIdentity.m; sourceTree = "<group>"; };
		5042FE0D216A6CA9001FFA72 /* URI.h */ = {isa = PBXFileReference; lastKnownFileType = sourcecode.c.h; path = URI.h; sourceTree = "<group>"; };
		5042FE0E216A6CA9001FFA72 /* URI.m */ = {isa = PBXFileReference; lastKnownFileType = sourcecode.c.objc; path = URI.m; sourceTree = "<group>"; };
		5042FE10216A7461001FFA72 /* Encoder.h */ = {isa = PBXFileReference; lastKnownFileType = sourcecode.c.h; path = Encoder.h; sourceTree = "<group>"; };
		5042FE11216A7461001FFA72 /* Encoder.m */ = {isa = PBXFileReference; lastKnownFileType = sourcecode.c.objc; path = Encoder.m; sourceTree = "<group>"; };
		5042FE16216AF10C001FFA72 /* SendRepository.h */ = {isa = PBXFileReference; lastKnownFileType = sourcecode.c.h; path = SendRepository.h; sourceTree = "<group>"; };
		5042FE17216AF1AA001FFA72 /* SendHttpRepository.h */ = {isa = PBXFileReference; lastKnownFileType = sourcecode.c.h; path = SendHttpRepository.h; sourceTree = "<group>"; };
		5042FE18216AF1AA001FFA72 /* SendHttpRepository.m */ = {isa = PBXFileReference; lastKnownFileType = sourcecode.c.objc; path = SendHttpRepository.m; sourceTree = "<group>"; };
		5042FE1A216B01A9001FFA72 /* SendNullRepository.h */ = {isa = PBXFileReference; lastKnownFileType = sourcecode.c.h; path = SendNullRepository.h; sourceTree = "<group>"; };
		5042FE1B216B01A9001FFA72 /* SendNullRepository.m */ = {isa = PBXFileReference; lastKnownFileType = sourcecode.c.objc; path = SendNullRepository.m; sourceTree = "<group>"; };
		5042FE1D216B0798001FFA72 /* BeaconStrategy.h */ = {isa = PBXFileReference; lastKnownFileType = sourcecode.c.h; path = BeaconStrategy.h; sourceTree = "<group>"; };
		5042FE1E216B0798001FFA72 /* BeaconStrategy.m */ = {isa = PBXFileReference; lastKnownFileType = sourcecode.c.objc; path = BeaconStrategy.m; sourceTree = "<group>"; };
		5042FE20216B0F8B001FFA72 /* SendType.h */ = {isa = PBXFileReference; lastKnownFileType = sourcecode.c.h; path = SendType.h; sourceTree = "<group>"; };
		5042FE21216B0F8B001FFA72 /* SendType.m */ = {isa = PBXFileReference; lastKnownFileType = sourcecode.c.objc; path = SendType.m; sourceTree = "<group>"; };
		5042FE26216B1FF5001FFA72 /* BeaconPublisher.h */ = {isa = PBXFileReference; lastKnownFileType = sourcecode.c.h; path = BeaconPublisher.h; sourceTree = "<group>"; };
		5042FE27216B1FF5001FFA72 /* BeaconPublisher.m */ = {isa = PBXFileReference; lastKnownFileType = sourcecode.c.objc; path = BeaconPublisher.m; sourceTree = "<group>"; };
		5042FE29216B2331001FFA72 /* BeaconProvider.h */ = {isa = PBXFileReference; lastKnownFileType = sourcecode.c.h; path = BeaconProvider.h; sourceTree = "<group>"; };
		5042FE2A216B2331001FFA72 /* BeaconProvider.m */ = {isa = PBXFileReference; lastKnownFileType = sourcecode.c.objc; path = BeaconProvider.m; sourceTree = "<group>"; };
		5042FE2F216BD123001FFA72 /* ConfigQueParams.h */ = {isa = PBXFileReference; lastKnownFileType = sourcecode.c.h; path = ConfigQueParams.h; sourceTree = "<group>"; };
		5042FE30216BD123001FFA72 /* ConfigQueParams.m */ = {isa = PBXFileReference; lastKnownFileType = sourcecode.c.objc; path = ConfigQueParams.m; sourceTree = "<group>"; };
		5042FE32216F0079001FFA72 /* OptValues.h */ = {isa = PBXFileReference; lastKnownFileType = sourcecode.c.h; path = OptValues.h; sourceTree = "<group>"; };
		5042FE33216F0079001FFA72 /* OptValues.m */ = {isa = PBXFileReference; lastKnownFileType = sourcecode.c.objc; path = OptValues.m; sourceTree = "<group>"; };
		5045701F21B92C6D003511D1 /* VrQueryParameter.h */ = {isa = PBXFileReference; lastKnownFileType = sourcecode.c.h; path = VrQueryParameter.h; sourceTree = "<group>"; };
		5045702021B92C6D003511D1 /* VrQueryParameter.m */ = {isa = PBXFileReference; lastKnownFileType = sourcecode.c.objc; path = VrQueryParameter.m; sourceTree = "<group>"; };
		504B2D34218815FC00CE0752 /* QueryParameterTest.m */ = {isa = PBXFileReference; lastKnownFileType = sourcecode.c.objc; path = QueryParameterTest.m; sourceTree = "<group>"; };
		504B2D362188193500CE0752 /* QueryParametersTest.m */ = {isa = PBXFileReference; lastKnownFileType = sourcecode.c.objc; path = QueryParametersTest.m; sourceTree = "<group>"; };
		504B2D3821882A1B00CE0752 /* QuerySpecTest.m */ = {isa = PBXFileReference; lastKnownFileType = sourcecode.c.objc; path = QuerySpecTest.m; sourceTree = "<group>"; };
		504B2D3B2189A16500CE0752 /* ConfigFileTests.m */ = {isa = PBXFileReference; lastKnownFileType = sourcecode.c.objc; path = ConfigFileTests.m; sourceTree = "<group>"; };
		504B2D3D218AA8C700CE0752 /* ConfigFileProviderTests.m */ = {isa = PBXFileReference; lastKnownFileType = sourcecode.c.objc; path = ConfigFileProviderTests.m; sourceTree = "<group>"; };
		504B2D40218AFA5400CE0752 /* TestVrTrackingConfig.xml */ = {isa = PBXFileReference; fileEncoding = 4; lastKnownFileType = text.xml; path = TestVrTrackingConfig.xml; sourceTree = "<group>"; };
		504B2D42218B4E8600CE0752 /* ConfigFileProviderStub.h */ = {isa = PBXFileReference; lastKnownFileType = sourcecode.c.h; path = ConfigFileProviderStub.h; sourceTree = "<group>"; };
		504B2D43218B4E8600CE0752 /* ConfigFileProviderStub.m */ = {isa = PBXFileReference; lastKnownFileType = sourcecode.c.objc; path = ConfigFileProviderStub.m; sourceTree = "<group>"; };
		504B2D45218B50C400CE0752 /* vrTrackingConfig.xml */ = {isa = PBXFileReference; fileEncoding = 4; lastKnownFileType = text.xml; path = vrTrackingConfig.xml; sourceTree = "<group>"; };
		5071B984249763D100236B24 /* SeriesVrTrackingConfig.xml */ = {isa = PBXFileReference; fileEncoding = 4; lastKnownFileType = text.xml; path = SeriesVrTrackingConfig.xml; sourceTree = "<group>"; };
		5071B98C24A05EA800236B24 /* SeriesVrTrackingConfig3.xml */ = {isa = PBXFileReference; fileEncoding = 4; lastKnownFileType = text.xml; path = SeriesVrTrackingConfig3.xml; sourceTree = "<group>"; };
		5071B98D24A05EA800236B24 /* SeriesVrTrackingConfig2.xml */ = {isa = PBXFileReference; fileEncoding = 4; lastKnownFileType = text.xml; path = SeriesVrTrackingConfig2.xml; sourceTree = "<group>"; };
		5071B99024A064C900236B24 /* vrTrackingConfigMulti.xml */ = {isa = PBXFileReference; fileEncoding = 4; lastKnownFileType = text.xml; path = vrTrackingConfigMulti.xml; sourceTree = "<group>"; };
		5071B99124A064C900236B24 /* vrTrackingConfigMulti2.xml */ = {isa = PBXFileReference; fileEncoding = 4; lastKnownFileType = text.xml; path = vrTrackingConfigMulti2.xml; sourceTree = "<group>"; };
		5071B99224A064C900236B24 /* vrTrackingConfigMulti3.xml */ = {isa = PBXFileReference; fileEncoding = 4; lastKnownFileType = text.xml; path = vrTrackingConfigMulti3.xml; sourceTree = "<group>"; };
		507F0C8D21E77A9300F3B6DD /* URLValidatorTests.m */ = {isa = PBXFileReference; lastKnownFileType = sourcecode.c.objc; path = URLValidatorTests.m; sourceTree = "<group>"; };
		509915AC214B60A500E2AF83 /* libVrInteractiveDataV5.a */ = {isa = PBXFileReference; explicitFileType = archive.ar; includeInIndex = 0; path = libVrInteractiveDataV5.a; sourceTree = BUILT_PRODUCTS_DIR; };
		509915AF214B60A500E2AF83 /* VrInteractiveTracking.h */ = {isa = PBXFileReference; lastKnownFileType = sourcecode.c.h; path = VrInteractiveTracking.h; sourceTree = "<group>"; };
		509915B0214B60A500E2AF83 /* VrInteractiveTracking.m */ = {isa = PBXFileReference; lastKnownFileType = sourcecode.c.objc; path = VrInteractiveTracking.m; sourceTree = "<group>"; };
		509915B8214BAA9A00E2AF83 /* VrInteractiveData.h */ = {isa = PBXFileReference; lastKnownFileType = sourcecode.c.h; path = VrInteractiveData.h; sourceTree = "<group>"; };
		509915B9214BAA9A00E2AF83 /* VrInteractiveData.m */ = {isa = PBXFileReference; lastKnownFileType = sourcecode.c.objc; path = VrInteractiveData.m; sourceTree = "<group>"; };
		50A9424D21AEEAB800E8D31B /* ConfigLoadBlock.h */ = {isa = PBXFileReference; lastKnownFileType = sourcecode.c.h; path = ConfigLoadBlock.h; sourceTree = "<group>"; };
		50A9424E21AEEAB800E8D31B /* ConfigLoadBlock.m */ = {isa = PBXFileReference; lastKnownFileType = sourcecode.c.objc; path = ConfigLoadBlock.m; sourceTree = "<group>"; };
		50A9425021AEEC1800E8D31B /* ConfigMediator.h */ = {isa = PBXFileReference; lastKnownFileType = sourcecode.c.h; path = ConfigMediator.h; sourceTree = "<group>"; };
		50A9425121AEEC1800E8D31B /* ConfigMediator.m */ = {isa = PBXFileReference; lastKnownFileType = sourcecode.c.objc; path = ConfigMediator.m; sourceTree = "<group>"; };
		50AB88F42150BCB70047CC22 /* OldTableRepository.h */ = {isa = PBXFileReference; lastKnownFileType = sourcecode.c.h; path = OldTableRepository.h; sourceTree = "<group>"; };
		50AB88F62150BD3C0047CC22 /* HouseKeeper.h */ = {isa = PBXFileReference; lastKnownFileType = sourcecode.c.h; path = HouseKeeper.h; sourceTree = "<group>"; };
		50AB88F72150BD3C0047CC22 /* HouseKeeper.m */ = {isa = PBXFileReference; lastKnownFileType = sourcecode.c.objc; path = HouseKeeper.m; sourceTree = "<group>"; };
		50CDCC5A21C68AFA004D7950 /* VrInteractiveTrackingForDisabled.m */ = {isa = PBXFileReference; lastKnownFileType = sourcecode.c.objc; path = VrInteractiveTrackingForDisabled.m; sourceTree = "<group>"; };
		50CDCC6121C7745D004D7950 /* SendAcceptorTests.m */ = {isa = PBXFileReference; lastKnownFileType = sourcecode.c.objc; path = SendAcceptorTests.m; sourceTree = "<group>"; };
		50D444D221C662E000C52281 /* VrInteractiveTrackingTestsForOptOut.m */ = {isa = PBXFileReference; lastKnownFileType = sourcecode.c.objc; path = VrInteractiveTrackingTestsForOptOut.m; sourceTree = "<group>"; };
		50F5FEBD22257B5C007B3832 /* StateTests.m */ = {isa = PBXFileReference; lastKnownFileType = sourcecode.c.objc; path = StateTests.m; sourceTree = "<group>"; };
		50F82B3521971EB4007B2281 /* ValidationError.h */ = {isa = PBXFileReference; lastKnownFileType = sourcecode.c.h; path = ValidationError.h; sourceTree = "<group>"; };
		50F82B3621971EB4007B2281 /* ValidationError.m */ = {isa = PBXFileReference; lastKnownFileType = sourcecode.c.objc; path = ValidationError.m; sourceTree = "<group>"; };
		50F82B3C2197317E007B2281 /* ValidationHandler.h */ = {isa = PBXFileReference; lastKnownFileType = sourcecode.c.h; path = ValidationHandler.h; sourceTree = "<group>"; };
		50F82B3D219732D1007B2281 /* ConfigValidationHandler.h */ = {isa = PBXFileReference; lastKnownFileType = sourcecode.c.h; path = ConfigValidationHandler.h; sourceTree = "<group>"; };
		50F82B3E219732D1007B2281 /* ConfigValidationHandler.m */ = {isa = PBXFileReference; lastKnownFileType = sourcecode.c.objc; path = ConfigValidationHandler.m; sourceTree = "<group>"; };
		50F82B402197391C007B2281 /* Validator.h */ = {isa = PBXFileReference; lastKnownFileType = sourcecode.c.h; path = Validator.h; sourceTree = "<group>"; };
		50F82B4421973E2C007B2281 /* ConfigValidator.h */ = {isa = PBXFileReference; lastKnownFileType = sourcecode.c.h; path = ConfigValidator.h; sourceTree = "<group>"; };
		50F82B4521973E2C007B2281 /* ConfigValidator.m */ = {isa = PBXFileReference; lastKnownFileType = sourcecode.c.objc; path = ConfigValidator.m; sourceTree = "<group>"; };
		50F82B4721994BCC007B2281 /* VRIException.h */ = {isa = PBXFileReference; lastKnownFileType = sourcecode.c.h; path = VRIException.h; sourceTree = "<group>"; };
		50F82B4821994BCC007B2281 /* VRIException.m */ = {isa = PBXFileReference; lastKnownFileType = sourcecode.c.objc; path = VRIException.m; sourceTree = "<group>"; };
		50F82B4A219951EF007B2281 /* TestIrregularVrTrackingConfig.xml */ = {isa = PBXFileReference; fileEncoding = 4; lastKnownFileType = text.xml; path = TestIrregularVrTrackingConfig.xml; sourceTree = "<group>"; };
		50F82B4C2199F3B2007B2281 /* VrInteractiveTrackingSpec.h */ = {isa = PBXFileReference; lastKnownFileType = sourcecode.c.h; path = VrInteractiveTrackingSpec.h; sourceTree = "<group>"; };
		50F82B4D2199F3B2007B2281 /* VrInteractiveTrackingSpec.m */ = {isa = PBXFileReference; lastKnownFileType = sourcecode.c.objc; path = VrInteractiveTrackingSpec.m; sourceTree = "<group>"; };
		50F82B4F2199FB39007B2281 /* State.h */ = {isa = PBXFileReference; lastKnownFileType = sourcecode.c.h; path = State.h; sourceTree = "<group>"; };
		50F82B502199FB39007B2281 /* State.m */ = {isa = PBXFileReference; lastKnownFileType = sourcecode.c.objc; path = State.m; sourceTree = "<group>"; };
		50F82B522199FCBE007B2281 /* Acceptor.h */ = {isa = PBXFileReference; lastKnownFileType = sourcecode.c.h; path = Acceptor.h; sourceTree = "<group>"; };
		50F82B532199FD84007B2281 /* ConfigAcceptor.h */ = {isa = PBXFileReference; lastKnownFileType = sourcecode.c.h; path = ConfigAcceptor.h; sourceTree = "<group>"; };
		50F82B542199FD84007B2281 /* ConfigAcceptor.m */ = {isa = PBXFileReference; lastKnownFileType = sourcecode.c.objc; path = ConfigAcceptor.m; sourceTree = "<group>"; };
		50F82B56219A08C3007B2281 /* SendAcceptor.h */ = {isa = PBXFileReference; lastKnownFileType = sourcecode.c.h; path = SendAcceptor.h; sourceTree = "<group>"; };
		50F82B57219A08C3007B2281 /* SendAcceptor.m */ = {isa = PBXFileReference; lastKnownFileType = sourcecode.c.objc; path = SendAcceptor.m; sourceTree = "<group>"; };
/* End PBXFileReference section */

/* Begin PBXFrameworksBuildPhase section */
		5016097821795E450069A347 /* Frameworks */ = {
			isa = PBXFrameworksBuildPhase;
			buildActionMask = 2147483647;
			files = (
				5016098021795E450069A347 /* libVrInteractiveDataV5.a in Frameworks */,
			);
			runOnlyForDeploymentPostprocessing = 0;
		};
		509915A9214B60A500E2AF83 /* Frameworks */ = {
			isa = PBXFrameworksBuildPhase;
			buildActionMask = 2147483647;
			files = (
			);
			runOnlyForDeploymentPostprocessing = 0;
		};
/* End PBXFrameworksBuildPhase section */

/* Begin PBXGroup section */
		5016097C21795E450069A347 /* Tests */ = {
			isa = PBXGroup;
			children = (
				50CDCC6021C77442004D7950 /* Logic */,
				504B2D3F218AFA1C00CE0752 /* Resource */,
				501D4E7C21A86E2100E3688E /* Interactive */,
				501634A021901C3500229B04 /* Util */,
				5016099D217F29A70069A347 /* Infra */,
				50160990217EF8CA0069A347 /* Domain */,
				5016097F21795E450069A347 /* Info.plist */,
				50163486218C4A8800229B04 /* JazzyBridgingHeader.h */,
			);
			path = Tests;
			sourceTree = "<group>";
		};
		5016098C217EF8160069A347 /* Model */ = {
			isa = PBXGroup;
			children = (
				5042FE32216F0079001FFA72 /* OptValues.h */,
				5042FE33216F0079001FFA72 /* OptValues.m */,
				5042FDDE21626F8D001FFA72 /* QueryParameter.h */,
				5042FDDF21626F8D001FFA72 /* QueryParameter.m */,
				5042FDE12162745B001FFA72 /* QueryParameters.h */,
				5042FDE22162745B001FFA72 /* QueryParameters.m */,
				5042FDEE216450AE001FFA72 /* QuerySpec.h */,
				5042FDEF216450AE001FFA72 /* QuerySpec.m */,
				50F82B3521971EB4007B2281 /* ValidationError.h */,
				50F82B3621971EB4007B2281 /* ValidationError.m */,
				50F82B3C2197317E007B2281 /* ValidationHandler.h */,
				50F82B402197391C007B2281 /* Validator.h */,
			);
			path = Model;
			sourceTree = "<group>";
		};
		5016098D217EF8350069A347 /* Config */ = {
			isa = PBXGroup;
			children = (
				5042FD882159E4FA001FFA72 /* Config.h */,
				5042FD8A2159E4FB001FFA72 /* ConfigFile.h */,
				5042FD872159E4FA001FFA72 /* ConfigFile.m */,
				5042FD8B2159E4FB001FFA72 /* ConfigProvider.h */,
				5042FD862159E4FA001FFA72 /* ConfigFileProvider.h */,
				5042FD892159E4FB001FFA72 /* ConfigFileProvider.m */,
				5042FE2F216BD123001FFA72 /* ConfigQueParams.h */,
				5042FE30216BD123001FFA72 /* ConfigQueParams.m */,
				50F82B3D219732D1007B2281 /* ConfigValidationHandler.h */,
				50F82B3E219732D1007B2281 /* ConfigValidationHandler.m */,
				50F82B4421973E2C007B2281 /* ConfigValidator.h */,
				50F82B4521973E2C007B2281 /* ConfigValidator.m */,
				501D4E6E21A6691900E3688E /* ConfigValueAdapter.h */,
				501D4E6F21A6691900E3688E /* ConfigValueAdapter.m */,
				501D4E7121A6E41600E3688E /* ConfigSetterValidator.h */,
				501D4E7221A6E41600E3688E /* ConfigSetterValidator.m */,
				50A9424D21AEEAB800E8D31B /* ConfigLoadBlock.h */,
				50A9424E21AEEAB800E8D31B /* ConfigLoadBlock.m */,
				50A9425021AEEC1800E8D31B /* ConfigMediator.h */,
				50A9425121AEEC1800E8D31B /* ConfigMediator.m */,
			);
			path = Config;
			sourceTree = "<group>";
		};
		5016098E217EF8540069A347 /* Publish */ = {
			isa = PBXGroup;
			children = (
				5042FDFD21650701001FFA72 /* Response.h */,
				5042FDFE21650701001FFA72 /* Response.m */,
				5042FE00216508D8001FFA72 /* Status.h */,
				5042FE01216508D8001FFA72 /* Status.m */,
				5042FE0321650B9E001FFA72 /* Text.h */,
				5042FE0421650B9E001FFA72 /* Text.m */,
				5042FE0621658863001FFA72 /* Event.h */,
				5042FE0721658AC0001FFA72 /* BeaconEvent.h */,
				5042FE0821658AC0001FFA72 /* BeaconEvent.m */,
				5042FE0A21676E5A001FFA72 /* EventIdentity.h */,
				5042FE0B21676E5A001FFA72 /* EventIdentity.m */,
				5042FE0D216A6CA9001FFA72 /* URI.h */,
				5042FE0E216A6CA9001FFA72 /* URI.m */,
				5042FE16216AF10C001FFA72 /* SendRepository.h */,
				5042FE1D216B0798001FFA72 /* BeaconStrategy.h */,
				5042FE1E216B0798001FFA72 /* BeaconStrategy.m */,
				5042FE20216B0F8B001FFA72 /* SendType.h */,
				5042FE21216B0F8B001FFA72 /* SendType.m */,
				5042FE26216B1FF5001FFA72 /* BeaconPublisher.h */,
				5042FE27216B1FF5001FFA72 /* BeaconPublisher.m */,
				5042FE29216B2331001FFA72 /* BeaconProvider.h */,
				5042FE2A216B2331001FFA72 /* BeaconProvider.m */,
			);
			path = Publish;
			sourceTree = "<group>";
		};
		50160990217EF8CA0069A347 /* Domain */ = {
			isa = PBXGroup;
			children = (
				504B2D3A2189A13900CE0752 /* Config */,
				504B2D33218815C900CE0752 /* Model */,
				50160991217EF8D60069A347 /* Publish */,
				50160992217F16C50069A347 /* OptTests.m */,
				50160988217EB8380069A347 /* UUIDTests.m */,
				5016348A218CB1C000229B04 /* UUID+refresh.h */,
				5016348B218CB1C000229B04 /* UUID+refresh.m */,
				501D4E2721A07C7300E3688E /* CounterTests.m */,
				501F7CBB241E162200A9E618 /* SessionIDTests.m */,
			);
			path = Domain;
			sourceTree = "<group>";
		};
		50160991217EF8D60069A347 /* Publish */ = {
			isa = PBXGroup;
			children = (
				5016097D21795E450069A347 /* EventIdentityTests.m */,
				50160997217F245D0069A347 /* TextTests.m */,
				50160999217F26010069A347 /* StatusTests.m */,
				5016099B217F26CF0069A347 /* ResponseTests.m */,
				5016348D218CB5A000229B04 /* BeaconEventTests.m */,
				5016348F218D6C5F00229B04 /* URITests.m */,
				50163494218D892000229B04 /* SendTypeTests.m */,
				50163499218D96D900229B04 /* BeaconPublisherTests.m */,
				5016349B218DF09D00229B04 /* BeaconProviderTests.m */,
			);
			path = Publish;
			sourceTree = "<group>";
		};
		5016099D217F29A70069A347 /* Infra */ = {
			isa = PBXGroup;
			children = (
				5016099E217F29BF0069A347 /* SendNullRepositoryTests.m */,
				501609A0217F30110069A347 /* SendHttpRepositoryTests.m */,
				50160995217F1D120069A347 /* OldTableRepositoryImpTests.m */,
			);
			path = Infra;
			sourceTree = "<group>";
		};
		501634A021901C3500229B04 /* Util */ = {
			isa = PBXGroup;
			children = (
				501634A121901C5500229B04 /* XMLParserTests.m */,
				501634A3219028D100229B04 /* XMLPullTests.m */,
				501634A52190303D00229B04 /* EncoderTests.m */,
			);
			path = Util;
			sourceTree = "<group>";
		};
		50175449219BE5330026CFCC /* Supporting Files */ = {
			isa = PBXGroup;
			children = (
				50175448219BE0ED0026CFCC /* VrInteractiveTracking-Prefix.pch */,
			);
			path = "Supporting Files";
			sourceTree = "<group>";
		};
		501D4E7C21A86E2100E3688E /* Interactive */ = {
			isa = PBXGroup;
			children = (
				501D4E7D21A86E4E00E3688E /* VrInteractiveTrackingTests.m */,
				50D444D221C662E000C52281 /* VrInteractiveTrackingTestsForOptOut.m */,
				50CDCC5A21C68AFA004D7950 /* VrInteractiveTrackingForDisabled.m */,
				501D4E8521A9C5DC00E3688E /* VrInteractiveTrackingStub.h */,
				501D4E8621A9C5DC00E3688E /* VrInteractiveTrackingStub.m */,
				501F7CBD241E6ED000A9E618 /* VrInteractiveTrackingSessionIDTest.m */,
			);
			path = Interactive;
			sourceTree = "<group>";
		};
		5042FD612154D98F001FFA72 /* Infra */ = {
			isa = PBXGroup;
			children = (
				5042FD622154D9B4001FFA72 /* OldTableRepositoryImpl.h */,
				5042FD632154D9B4001FFA72 /* OldTableRepositoryImpl.m */,
				5042FE17216AF1AA001FFA72 /* SendHttpRepository.h */,
				5042FE18216AF1AA001FFA72 /* SendHttpRepository.m */,
				5042FE1A216B01A9001FFA72 /* SendNullRepository.h */,
				5042FE1B216B01A9001FFA72 /* SendNullRepository.m */,
			);
			path = Infra;
			sourceTree = "<group>";
		};
		5042FD772159E238001FFA72 /* Domain */ = {
			isa = PBXGroup;
			children = (
				5016098E217EF8540069A347 /* Publish */,
				5016098D217EF8350069A347 /* Config */,
				5016098C217EF8160069A347 /* Model */,
				5042FD792159E253001FFA72 /* Opt.h */,
				5042FD7A2159E253001FFA72 /* Opt.m */,
				5042FD782159E253001FFA72 /* UUID.h */,
				5042FD7B2159E253001FFA72 /* UUID.m */,
				50F82B4721994BCC007B2281 /* VRIException.h */,
				50F82B4821994BCC007B2281 /* VRIException.m */,
				5017544A219C17340026CFCC /* ReplaceConfig.h */,
				5017544B219C17340026CFCC /* ReplaceConfig.m */,
				501D4E2121A0223000E3688E /* Internet.h */,
				501D4E2221A0223000E3688E /* Internet.m */,
				501D4E2421A0788400E3688E /* Counter.h */,
				501D4E2521A0788400E3688E /* Counter.m */,
				5017544D219C56EF0026CFCC /* Range.h */,
				5017544E219C56EF0026CFCC /* Range.m */,
				501F7CB5241E04E700A9E618 /* SessionID.h */,
				501F7CB6241E04E700A9E618 /* SessionID.m */,
			);
			path = Domain;
			sourceTree = "<group>";
		};
		5042FD7E2159E27A001FFA72 /* Logic */ = {
			isa = PBXGroup;
			children = (
				5042FD802159E28C001FFA72 /* VrInteractiveTrackingAdapter.h */,
				5042FD812159E28C001FFA72 /* VrInteractiveTrackingAdapter.m */,
				50F82B4F2199FB39007B2281 /* State.h */,
				50F82B502199FB39007B2281 /* State.m */,
				50F82B522199FCBE007B2281 /* Acceptor.h */,
				50F82B532199FD84007B2281 /* ConfigAcceptor.h */,
				50F82B542199FD84007B2281 /* ConfigAcceptor.m */,
				50F82B56219A08C3007B2281 /* SendAcceptor.h */,
				50F82B57219A08C3007B2281 /* SendAcceptor.m */,
				501D4E1421A0038C00E3688E /* TrackingStrategy.h */,
				501D4E1521A0069700E3688E /* TrackingFactory.h */,
				501D4E1621A0069700E3688E /* TrackingFactory.m */,
				501D4E1821A007FC00E3688E /* TrackingDisableStrategy.h */,
				501D4E1921A007FC00E3688E /* TrackingDisableStrategy.m */,
				501D4E1E21A00EB300E3688E /* TrackingEnableStrategy.h */,
				501D4E1F21A00EB300E3688E /* TrackingEnableStrategy.m */,
				5045701F21B92C6D003511D1 /* VrQueryParameter.h */,
				5045702021B92C6D003511D1 /* VrQueryParameter.m */,
				50175452219C60340026CFCC /* VrOptValidator.h */,
				50175453219C60340026CFCC /* VrOptValidator.m */,
				50175455219C61120026CFCC /* VrOptValidatoionHandler.h */,
				50175456219C61120026CFCC /* VrOptValidatoionHandler.m */,
			);
			path = Logic;
			sourceTree = "<group>";
		};
		5042FD92215CCD45001FFA72 /* Common */ = {
			isa = PBXGroup;
			children = (
				5042FD93215CCD8E001FFA72 /* Reachability.h */,
				5042FD94215CCD8E001FFA72 /* Reachability.m */,
				5042FDD8215FDB02001FFA72 /* XMLParser.h */,
				5042FDD9215FDB02001FFA72 /* XMLParser.m */,
				5042FDDB2161EE64001FFA72 /* XMLPull.h */,
				5042FDDC2161EE64001FFA72 /* XMLPull.m */,
				5042FE10216A7461001FFA72 /* Encoder.h */,
				5042FE11216A7461001FFA72 /* Encoder.m */,
				501D4E7F21A9289600E3688E /* URLValidator.h */,
				501D4E8021A9289600E3688E /* URLValidator.m */,
				501D4E8221A9296100E3688E /* URLValidationHandler.h */,
				501D4E8321A9296100E3688E /* URLValidationHandler.m */,
			);
			path = Common;
			sourceTree = "<group>";
		};
		504B2D33218815C900CE0752 /* Model */ = {
			isa = PBXGroup;
			children = (
				504B2D34218815FC00CE0752 /* QueryParameterTest.m */,
				504B2D362188193500CE0752 /* QueryParametersTest.m */,
				504B2D3821882A1B00CE0752 /* QuerySpecTest.m */,
				50175450219C5AAA0026CFCC /* RangeTests.m */,
				507F0C8D21E77A9300F3B6DD /* URLValidatorTests.m */,
			);
			path = Model;
			sourceTree = "<group>";
		};
		504B2D3A2189A13900CE0752 /* Config */ = {
			isa = PBXGroup;
			children = (
				504B2D3B2189A16500CE0752 /* ConfigFileTests.m */,
				504B2D3D218AA8C700CE0752 /* ConfigFileProviderTests.m */,
				504B2D42218B4E8600CE0752 /* ConfigFileProviderStub.h */,
				504B2D43218B4E8600CE0752 /* ConfigFileProviderStub.m */,
			);
			path = Config;
			sourceTree = "<group>";
		};
		504B2D3F218AFA1C00CE0752 /* Resource */ = {
			isa = PBXGroup;
			children = (
				5071B99024A064C900236B24 /* vrTrackingConfigMulti.xml */,
				5071B99124A064C900236B24 /* vrTrackingConfigMulti2.xml */,
				5071B99224A064C900236B24 /* vrTrackingConfigMulti3.xml */,
				5071B98D24A05EA800236B24 /* SeriesVrTrackingConfig2.xml */,
				5071B98C24A05EA800236B24 /* SeriesVrTrackingConfig3.xml */,
				5071B984249763D100236B24 /* SeriesVrTrackingConfig.xml */,
				504B2D45218B50C400CE0752 /* vrTrackingConfig.xml */,
				504B2D40218AFA5400CE0752 /* TestVrTrackingConfig.xml */,
				50F82B4A219951EF007B2281 /* TestIrregularVrTrackingConfig.xml */,
				501D4E7621A7B7EB00E3688E /* TestIrregularUnderZeroVrTrackingConfig.xml */,
				501D4E7421A7B7EA00E3688E /* TestIrregularUpperBoolVrTrackingConfig.xml */,
				501D4E7521A7B7EA00E3688E /* TestIrregularWrongURLVrTrackingConfig.xml */,
				501D4E7A21A7B9CC00E3688E /* TestIrregularOverflowVrTrackingConfig.xml */,
			);
			path = Resource;
			sourceTree = "<group>";
		};
		509915A3214B60A500E2AF83 = {
			isa = PBXGroup;
			children = (
				509915AE214B60A500E2AF83 /* VrInteractiveTracking */,
				5016097C21795E450069A347 /* Tests */,
				509915AD214B60A500E2AF83 /* Products */,
			);
			sourceTree = "<group>";
		};
		509915AD214B60A500E2AF83 /* Products */ = {
			isa = PBXGroup;
			children = (
				509915AC214B60A500E2AF83 /* libVrInteractiveDataV5.a */,
				5016097B21795E450069A347 /* Tests.xctest */,
			);
			name = Products;
			sourceTree = "<group>";
		};
		509915AE214B60A500E2AF83 /* VrInteractiveTracking */ = {
			isa = PBXGroup;
			children = (
				509915B8214BAA9A00E2AF83 /* VrInteractiveData.h */,
				509915B9214BAA9A00E2AF83 /* VrInteractiveData.m */,
				509915AF214B60A500E2AF83 /* VrInteractiveTracking.h */,
				509915B0214B60A500E2AF83 /* VrInteractiveTracking.m */,
				501D4E2921A17A9000E3688E /* VrInteractiveBeaconSpec.h */,
				501D4E2A21A17A9000E3688E /* VrInteractiveBeaconSpec.m */,
				50F82B4C2199F3B2007B2281 /* VrInteractiveTrackingSpec.h */,
				50F82B4D2199F3B2007B2281 /* VrInteractiveTrackingSpec.m */,
				5042FD7E2159E27A001FFA72 /* Logic */,
				5042FD772159E238001FFA72 /* Domain */,
				5042FD612154D98F001FFA72 /* Infra */,
				50AB88F52150BCF10047CC22 /* HouseKeeper */,
				5042FD92215CCD45001FFA72 /* Common */,
				50175449219BE5330026CFCC /* Supporting Files */,
			);
			path = VrInteractiveTracking;
			sourceTree = "<group>";
		};
		50AB88F52150BCF10047CC22 /* HouseKeeper */ = {
			isa = PBXGroup;
			children = (
				50AB88F42150BCB70047CC22 /* OldTableRepository.h */,
				50AB88F62150BD3C0047CC22 /* HouseKeeper.h */,
				50AB88F72150BD3C0047CC22 /* HouseKeeper.m */,
			);
			path = HouseKeeper;
			sourceTree = "<group>";
		};
		50CDCC6021C77442004D7950 /* Logic */ = {
			isa = PBXGroup;
			children = (
				50CDCC6121C7745D004D7950 /* SendAcceptorTests.m */,
				50F5FEBD22257B5C007B3832 /* StateTests.m */,
			);
			path = Logic;
			sourceTree = "<group>";
		};
/* End PBXGroup section */

/* Begin PBXNativeTarget section */
		5016097A21795E450069A347 /* Tests */ = {
			isa = PBXNativeTarget;
			buildConfigurationList = 5016098321795E450069A347 /* Build configuration list for PBXNativeTarget "Tests" */;
			buildPhases = (
				5016097721795E450069A347 /* Sources */,
				5016097821795E450069A347 /* Frameworks */,
				5016097921795E450069A347 /* Resources */,
			);
			buildRules = (
			);
			dependencies = (
				5016098221795E450069A347 /* PBXTargetDependency */,
			);
			name = Tests;
			productName = Tests;
			productReference = 5016097B21795E450069A347 /* Tests.xctest */;
			productType = "com.apple.product-type.bundle.unit-test";
		};
		509915AB214B60A500E2AF83 /* VrInteractiveTracking */ = {
			isa = PBXNativeTarget;
			buildConfigurationList = 509915B5214B60A500E2AF83 /* Build configuration list for PBXNativeTarget "VrInteractiveTracking" */;
			buildPhases = (
				509915A8214B60A500E2AF83 /* Sources */,
				509915A9214B60A500E2AF83 /* Frameworks */,
				509915AA214B60A500E2AF83 /* Copy Files */,
			);
			buildRules = (
			);
			dependencies = (
			);
			name = VrInteractiveTracking;
			productName = VrInteractiveTracking;
			productReference = 509915AC214B60A500E2AF83 /* libVrInteractiveDataV5.a */;
			productType = "com.apple.product-type.library.static";
		};
/* End PBXNativeTarget section */

/* Begin PBXProject section */
		509915A4214B60A500E2AF83 /* Project object */ = {
			isa = PBXProject;
			attributes = {
				LastUpgradeCheck = 0920;
				ORGANIZATIONNAME = VideoResearch;
				TargetAttributes = {
					5016097A21795E450069A347 = {
						CreatedOnToolsVersion = 9.2;
						ProvisioningStyle = Automatic;
					};
					509915AB214B60A500E2AF83 = {
						CreatedOnToolsVersion = 9.2;
						ProvisioningStyle = Automatic;
					};
				};
			};
			buildConfigurationList = 509915A7214B60A500E2AF83 /* Build configuration list for PBXProject "VrInteractiveTracking" */;
			compatibilityVersion = "Xcode 8.0";
			developmentRegion = en;
			hasScannedForEncodings = 0;
			knownRegions = (
				en,
			);
			mainGroup = 509915A3214B60A500E2AF83;
			productRefGroup = 509915AD214B60A500E2AF83 /* Products */;
			projectDirPath = "";
			projectRoot = "";
			targets = (
				509915AB214B60A500E2AF83 /* VrInteractiveTracking */,
				5016097A21795E450069A347 /* Tests */,
			);
		};
/* End PBXProject section */

/* Begin PBXResourcesBuildPhase section */
		5016097921795E450069A347 /* Resources */ = {
			isa = PBXResourcesBuildPhase;
			buildActionMask = 2147483647;
			files = (
				504B2D46218B50C500CE0752 /* vrTrackingConfig.xml in Resources */,
				501D4E7B21A7B9CC00E3688E /* TestIrregularOverflowVrTrackingConfig.xml in Resources */,
				5071B99324A064D000236B24 /* vrTrackingConfigMulti.xml in Resources */,
				5071B99424A064D000236B24 /* vrTrackingConfigMulti2.xml in Resources */,
				504B2D41218AFA5400CE0752 /* TestVrTrackingConfig.xml in Resources */,
				5071B98E24A05EA900236B24 /* SeriesVrTrackingConfig3.xml in Resources */,
				50F82B4B219951EF007B2281 /* TestIrregularVrTrackingConfig.xml in Resources */,
				501D4E7721A7B7EB00E3688E /* TestIrregularUpperBoolVrTrackingConfig.xml in Resources */,
				5071B98F24A05EA900236B24 /* SeriesVrTrackingConfig2.xml in Resources */,
				5071B99524A064D000236B24 /* vrTrackingConfigMulti3.xml in Resources */,
				5071B985249763D200236B24 /* SeriesVrTrackingConfig.xml in Resources */,
				501D4E7821A7B7EB00E3688E /* TestIrregularWrongURLVrTrackingConfig.xml in Resources */,
				501D4E7921A7B7EB00E3688E /* TestIrregularUnderZeroVrTrackingConfig.xml in Resources */,
			);
			runOnlyForDeploymentPostprocessing = 0;
		};
/* End PBXResourcesBuildPhase section */

/* Begin PBXSourcesBuildPhase section */
		5016097721795E450069A347 /* Sources */ = {
			isa = PBXSourcesBuildPhase;
			buildActionMask = 2147483647;
			files = (
				5016348E218CB5A000229B04 /* BeaconEventTests.m in Sources */,
				50163490218D6C5F00229B04 /* URITests.m in Sources */,
				5016349C218DF09D00229B04 /* BeaconProviderTests.m in Sources */,
				501634A62190303D00229B04 /* EncoderTests.m in Sources */,
				50160993217F16C50069A347 /* OptTests.m in Sources */,
				504B2D3C2189A16500CE0752 /* ConfigFileTests.m in Sources */,
				50163495218D892000229B04 /* SendTypeTests.m in Sources */,
				5016099F217F29BF0069A347 /* SendNullRepositoryTests.m in Sources */,
				504B2D35218815FC00CE0752 /* QueryParameterTest.m in Sources */,
				501634A221901C5500229B04 /* XMLParserTests.m in Sources */,
				501609A1217F30110069A347 /* SendHttpRepositoryTests.m in Sources */,
				50175451219C5AAA0026CFCC /* RangeTests.m in Sources */,
				504B2D3E218AA8C700CE0752 /* ConfigFileProviderTests.m in Sources */,
				50160989217EB8380069A347 /* UUIDTests.m in Sources */,
				504B2D44218B4E8600CE0752 /* ConfigFileProviderStub.m in Sources */,
				50CDCC5B21C68AFA004D7950 /* VrInteractiveTrackingForDisabled.m in Sources */,
				5016348C218CB1C000229B04 /* UUID+refresh.m in Sources */,
				5016349A218D96D900229B04 /* BeaconPublisherTests.m in Sources */,
				501634A4219028D100229B04 /* XMLPullTests.m in Sources */,
				50CDCC6221C7745D004D7950 /* SendAcceptorTests.m in Sources */,
				50160996217F1D120069A347 /* OldTableRepositoryImpTests.m in Sources */,
				50160998217F245D0069A347 /* TextTests.m in Sources */,
				504B2D3921882A1B00CE0752 /* QuerySpecTest.m in Sources */,
				501D4E8721A9C5DC00E3688E /* VrInteractiveTrackingStub.m in Sources */,
				504B2D372188193500CE0752 /* QueryParametersTest.m in Sources */,
				501D4E7E21A86E4F00E3688E /* VrInteractiveTrackingTests.m in Sources */,
				507F0C8E21E77A9300F3B6DD /* URLValidatorTests.m in Sources */,
				501F7CBE241E6ED000A9E618 /* VrInteractiveTrackingSessionIDTest.m in Sources */,
				5016097E21795E450069A347 /* EventIdentityTests.m in Sources */,
				50F5FEBE22257B5C007B3832 /* StateTests.m in Sources */,
				501F7CBC241E162200A9E618 /* SessionIDTests.m in Sources */,
				5016099C217F26CF0069A347 /* ResponseTests.m in Sources */,
				50D444D321C662E000C52281 /* VrInteractiveTrackingTestsForOptOut.m in Sources */,
				501D4E2821A07C7300E3688E /* CounterTests.m in Sources */,
				5016099A217F26010069A347 /* StatusTests.m in Sources */,
			);
			runOnlyForDeploymentPostprocessing = 0;
		};
		509915A8214B60A500E2AF83 /* Sources */ = {
			isa = PBXSourcesBuildPhase;
			buildActionMask = 2147483647;
			files = (
				5042FE1C216B01A9001FFA72 /* SendNullRepository.m in Sources */,
				50F82B3F219732D1007B2281 /* ConfigValidationHandler.m in Sources */,
				5042FE22216B0F8B001FFA72 /* SendType.m in Sources */,
				5017544F219C56EF0026CFCC /* Range.m in Sources */,
				5042FD7D2159E253001FFA72 /* UUID.m in Sources */,
				5042FE28216B1FF5001FFA72 /* BeaconPublisher.m in Sources */,
				50A9425221AEEC1800E8D31B /* ConfigMediator.m in Sources */,
				501D4E2B21A17A9000E3688E /* VrInteractiveBeaconSpec.m in Sources */,
				50F82B58219A08C3007B2281 /* SendAcceptor.m in Sources */,
				5042FE0921658AC0001FFA72 /* BeaconEvent.m in Sources */,
				5042FE19216AF1AA001FFA72 /* SendHttpRepository.m in Sources */,
				501D4E2321A0223000E3688E /* Internet.m in Sources */,
				5042FD8D2159E4FB001FFA72 /* ConfigFileProvider.m in Sources */,
				501D4E7321A6E41600E3688E /* ConfigSetterValidator.m in Sources */,
				50175457219C61120026CFCC /* VrOptValidatoionHandler.m in Sources */,
				50175454219C60340026CFCC /* VrOptValidator.m in Sources */,
				5042FE02216508D8001FFA72 /* Status.m in Sources */,
				501D4E1A21A007FC00E3688E /* TrackingDisableStrategy.m in Sources */,
				5045702121B92C6D003511D1 /* VrQueryParameter.m in Sources */,
				501D4E2021A00EB300E3688E /* TrackingEnableStrategy.m in Sources */,
				50F82B552199FD84007B2281 /* ConfigAcceptor.m in Sources */,
				501D4E7021A6691900E3688E /* ConfigValueAdapter.m in Sources */,
				5042FD642154D9B4001FFA72 /* OldTableRepositoryImpl.m in Sources */,
				501D4E8121A9289700E3688E /* URLValidator.m in Sources */,
				5042FDDD2161EE64001FFA72 /* XMLPull.m in Sources */,
				5042FDDA215FDB02001FFA72 /* XMLParser.m in Sources */,
				5042FDFF21650701001FFA72 /* Response.m in Sources */,
				5042FE1F216B0798001FFA72 /* BeaconStrategy.m in Sources */,
				5042FE34216F0079001FFA72 /* OptValues.m in Sources */,
				501D4E1721A0069700E3688E /* TrackingFactory.m in Sources */,
				50F82B4621973E2C007B2281 /* ConfigValidator.m in Sources */,
				501F7CB7241E04E700A9E618 /* SessionID.m in Sources */,
				5042FDF0216450AE001FFA72 /* QuerySpec.m in Sources */,
				5042FDE32162745B001FFA72 /* QueryParameters.m in Sources */,
				5042FE0521650B9E001FFA72 /* Text.m in Sources */,
				5042FE31216BD123001FFA72 /* ConfigQueParams.m in Sources */,
				50F82B512199FB39007B2281 /* State.m in Sources */,
				5042FE12216A7461001FFA72 /* Encoder.m in Sources */,
				5042FD842159E28C001FFA72 /* VrInteractiveTrackingAdapter.m in Sources */,
				50F82B4E2199F3B2007B2281 /* VrInteractiveTrackingSpec.m in Sources */,
				5042FE0F216A6CA9001FFA72 /* URI.m in Sources */,
				5042FE2B216B2331001FFA72 /* BeaconProvider.m in Sources */,
				5042FD7C2159E253001FFA72 /* Opt.m in Sources */,
				501D4E2621A0788400E3688E /* Counter.m in Sources */,
				509915BA214BAA9A00E2AF83 /* VrInteractiveData.m in Sources */,
				501D4E8421A9296100E3688E /* URLValidationHandler.m in Sources */,
				5017544C219C17340026CFCC /* ReplaceConfig.m in Sources */,
				5042FD8C2159E4FB001FFA72 /* ConfigFile.m in Sources */,
				50A9424F21AEEAB800E8D31B /* ConfigLoadBlock.m in Sources */,
				509915B1214B60A500E2AF83 /* VrInteractiveTracking.m in Sources */,
				50F82B4921994BCC007B2281 /* VRIException.m in Sources */,
				5042FE0C21676E5A001FFA72 /* EventIdentity.m in Sources */,
				5042FDE021626F8D001FFA72 /* QueryParameter.m in Sources */,
				5042FD95215CCD8E001FFA72 /* Reachability.m in Sources */,
				50AB88F82150BD3C0047CC22 /* HouseKeeper.m in Sources */,
				50F82B3721971EB4007B2281 /* ValidationError.m in Sources */,
			);
			runOnlyForDeploymentPostprocessing = 0;
		};
/* End PBXSourcesBuildPhase section */

/* Begin PBXTargetDependency section */
		5016098221795E450069A347 /* PBXTargetDependency */ = {
			isa = PBXTargetDependency;
			target = 509915AB214B60A500E2AF83 /* VrInteractiveTracking */;
			targetProxy = 5016098121795E450069A347 /* PBXContainerItemProxy */;
		};
/* End PBXTargetDependency section */

/* Begin XCBuildConfiguration section */
		5016098421795E450069A347 /* Debug */ = {
			isa = XCBuildConfiguration;
			buildSettings = {
				CODE_SIGN_STYLE = Automatic;
				DEVELOPMENT_TEAM = 899NE9FU9S;
				INFOPLIST_FILE = Tests/Info.plist;
				LD_RUNPATH_SEARCH_PATHS = "$(inherited) @executable_path/Frameworks @loader_path/Frameworks";
				PRODUCT_BUNDLE_IDENTIFIER = jp.co.vr.Tests;
				PRODUCT_NAME = "$(TARGET_NAME)";
				TARGETED_DEVICE_FAMILY = "1,2";
			};
			name = Debug;
		};
		5016098521795E450069A347 /* Release */ = {
			isa = XCBuildConfiguration;
			buildSettings = {
				CODE_SIGN_STYLE = Automatic;
				DEVELOPMENT_TEAM = 899NE9FU9S;
				INFOPLIST_FILE = Tests/Info.plist;
				LD_RUNPATH_SEARCH_PATHS = "$(inherited) @executable_path/Frameworks @loader_path/Frameworks";
				PRODUCT_BUNDLE_IDENTIFIER = jp.co.vr.Tests;
				PRODUCT_NAME = "$(TARGET_NAME)";
				TARGETED_DEVICE_FAMILY = "1,2";
			};
			name = Release;
		};
		509915B3214B60A500E2AF83 /* Debug */ = {
			isa = XCBuildConfiguration;
			buildSettings = {
				ALWAYS_SEARCH_USER_PATHS = NO;
				CLANG_ANALYZER_NONNULL = YES;
				CLANG_ANALYZER_NUMBER_OBJECT_CONVERSION = YES_AGGRESSIVE;
				CLANG_CXX_LANGUAGE_STANDARD = "gnu++14";
				CLANG_CXX_LIBRARY = "libc++";
				CLANG_ENABLE_MODULES = YES;
				CLANG_ENABLE_OBJC_ARC = YES;
				CLANG_WARN_BLOCK_CAPTURE_AUTORELEASING = YES;
				CLANG_WARN_BOOL_CONVERSION = YES;
				CLANG_WARN_COMMA = YES;
				CLANG_WARN_CONSTANT_CONVERSION = YES;
				CLANG_WARN_DIRECT_OBJC_ISA_USAGE = YES_ERROR;
				CLANG_WARN_DOCUMENTATION_COMMENTS = YES;
				CLANG_WARN_EMPTY_BODY = YES;
				CLANG_WARN_ENUM_CONVERSION = YES;
				CLANG_WARN_INFINITE_RECURSION = YES;
				CLANG_WARN_INT_CONVERSION = YES;
				CLANG_WARN_NON_LITERAL_NULL_CONVERSION = YES;
				CLANG_WARN_OBJC_LITERAL_CONVERSION = YES;
				CLANG_WARN_OBJC_ROOT_CLASS = YES_ERROR;
				CLANG_WARN_RANGE_LOOP_ANALYSIS = YES;
				CLANG_WARN_STRICT_PROTOTYPES = YES;
				CLANG_WARN_SUSPICIOUS_MOVE = YES;
				CLANG_WARN_UNGUARDED_AVAILABILITY = YES_AGGRESSIVE;
				CLANG_WARN_UNREACHABLE_CODE = YES;
				CLANG_WARN__DUPLICATE_METHOD_MATCH = YES;
				CODE_SIGN_IDENTITY = "iPhone Developer";
				COPY_PHASE_STRIP = NO;
				DEBUG_INFORMATION_FORMAT = dwarf;
				ENABLE_NS_ASSERTIONS = NO;
				ENABLE_STRICT_OBJC_MSGSEND = YES;
				ENABLE_TESTABILITY = YES;
				GCC_C_LANGUAGE_STANDARD = gnu11;
				GCC_DYNAMIC_NO_PIC = NO;
				GCC_NO_COMMON_BLOCKS = YES;
				GCC_OPTIMIZATION_LEVEL = 0;
				GCC_PREFIX_HEADER = "";
				GCC_PREPROCESSOR_DEFINITIONS = (
					"DEBUG=1",
					"$(inherited)",
				);
				GCC_WARN_64_TO_32_BIT_CONVERSION = YES;
				GCC_WARN_ABOUT_RETURN_TYPE = YES_ERROR;
				GCC_WARN_UNDECLARED_SELECTOR = YES;
				GCC_WARN_UNINITIALIZED_AUTOS = YES_AGGRESSIVE;
				GCC_WARN_UNUSED_FUNCTION = YES;
				GCC_WARN_UNUSED_VARIABLE = YES;
				IPHONEOS_DEPLOYMENT_TARGET = 11.2;
				MTL_ENABLE_DEBUG_INFO = YES;
				ONLY_ACTIVE_ARCH = NO;
				SDKROOT = iphoneos;
				TARGETED_DEVICE_FAMILY = "1,2";
				VALIDATE_PRODUCT = YES;
				VALID_ARCHS = "arm64 armv7 armv7s i386 x86_64";
			};
			name = Debug;
		};
		509915B4214B60A500E2AF83 /* Release */ = {
			isa = XCBuildConfiguration;
			buildSettings = {
				ALWAYS_SEARCH_USER_PATHS = NO;
				CLANG_ANALYZER_NONNULL = YES;
				CLANG_ANALYZER_NUMBER_OBJECT_CONVERSION = YES_AGGRESSIVE;
				CLANG_CXX_LANGUAGE_STANDARD = "gnu++14";
				CLANG_CXX_LIBRARY = "libc++";
				CLANG_ENABLE_MODULES = YES;
				CLANG_ENABLE_OBJC_ARC = YES;
				CLANG_WARN_BLOCK_CAPTURE_AUTORELEASING = YES;
				CLANG_WARN_BOOL_CONVERSION = YES;
				CLANG_WARN_COMMA = YES;
				CLANG_WARN_CONSTANT_CONVERSION = YES;
				CLANG_WARN_DIRECT_OBJC_ISA_USAGE = YES_ERROR;
				CLANG_WARN_DOCUMENTATION_COMMENTS = YES;
				CLANG_WARN_EMPTY_BODY = YES;
				CLANG_WARN_ENUM_CONVERSION = YES;
				CLANG_WARN_INFINITE_RECURSION = YES;
				CLANG_WARN_INT_CONVERSION = YES;
				CLANG_WARN_NON_LITERAL_NULL_CONVERSION = YES;
				CLANG_WARN_OBJC_LITERAL_CONVERSION = YES;
				CLANG_WARN_OBJC_ROOT_CLASS = YES_ERROR;
				CLANG_WARN_RANGE_LOOP_ANALYSIS = YES;
				CLANG_WARN_STRICT_PROTOTYPES = YES;
				CLANG_WARN_SUSPICIOUS_MOVE = YES;
				CLANG_WARN_UNGUARDED_AVAILABILITY = YES_AGGRESSIVE;
				CLANG_WARN_UNREACHABLE_CODE = YES;
				CLANG_WARN__DUPLICATE_METHOD_MATCH = YES;
				CODE_SIGN_IDENTITY = "iPhone Developer: kazunari.takahashi@dragon.jp (49PF6Z4DKP)";
				COPY_PHASE_STRIP = NO;
				DEBUG_INFORMATION_FORMAT = "dwarf-with-dsym";
				ENABLE_NS_ASSERTIONS = NO;
				ENABLE_STRICT_OBJC_MSGSEND = YES;
				GCC_C_LANGUAGE_STANDARD = gnu11;
				GCC_NO_COMMON_BLOCKS = YES;
				GCC_PREFIX_HEADER = "";
				GCC_WARN_64_TO_32_BIT_CONVERSION = YES;
				GCC_WARN_ABOUT_RETURN_TYPE = YES_ERROR;
				GCC_WARN_UNDECLARED_SELECTOR = YES;
				GCC_WARN_UNINITIALIZED_AUTOS = YES_AGGRESSIVE;
				GCC_WARN_UNUSED_FUNCTION = YES;
				GCC_WARN_UNUSED_VARIABLE = YES;
				IPHONEOS_DEPLOYMENT_TARGET = 11.2;
				MTL_ENABLE_DEBUG_INFO = NO;
				ONLY_ACTIVE_ARCH = NO;
				SDKROOT = iphoneos;
				TARGETED_DEVICE_FAMILY = "1,2";
				VALIDATE_PRODUCT = YES;
				VALID_ARCHS = "arm64 armv7 armv7s i386 x86_64";
			};
			name = Release;
		};
		509915B6214B60A500E2AF83 /* Debug */ = {
			isa = XCBuildConfiguration;
			buildSettings = {
				"ARCHS[sdk=*]" = "$(ARCHS_STANDARD)";
				"ARCHS[sdk=iphonesimulator*]" = "$(ARCHS_STANDARD)";
				BITCODE_GENERATION_MODE = bitcode;
				CLANG_ENABLE_CODE_COVERAGE = YES;
				CODE_SIGN_IDENTITY = "iPhone Developer";
				CODE_SIGN_STYLE = Automatic;
				DEVELOPMENT_TEAM = 899NE9FU9S;
				GCC_GENERATE_DEBUGGING_SYMBOLS = NO;
				GCC_PREFIX_HEADER = "VrInteractiveTracking/Supporting Files/VrInteractiveTracking-Prefix.pch";
				IPHONEOS_DEPLOYMENT_TARGET = 9.0;
				MTL_ENABLE_DEBUG_INFO = YES;
				ONLY_ACTIVE_ARCH = NO;
				OTHER_LDFLAGS = "-ObjC";
				PRODUCT_NAME = VrInteractiveDataV5;
				SKIP_INSTALL = YES;
				TARGETED_DEVICE_FAMILY = "1,2";
				VALIDATE_PRODUCT = YES;
				VALID_ARCHS = "arm64 armv7 armv7s i386 x86_64";
			};
			name = Debug;
		};
		509915B7214B60A500E2AF83 /* Release */ = {
			isa = XCBuildConfiguration;
			buildSettings = {
				"ARCHS[sdk=*]" = "$(ARCHS_STANDARD)";
				"ARCHS[sdk=iphonesimulator*]" = "$(ARCHS_STANDARD)";
				BITCODE_GENERATION_MODE = bitcode;
				CLANG_ENABLE_CODE_COVERAGE = NO;
				CODE_SIGN_STYLE = Automatic;
				DEVELOPMENT_TEAM = 899NE9FU9S;
				GCC_GENERATE_DEBUGGING_SYMBOLS = NO;
				GCC_PREFIX_HEADER = "VrInteractiveTracking/Supporting Files/VrInteractiveTracking-Prefix.pch";
				IPHONEOS_DEPLOYMENT_TARGET = 9.0;
				ONLY_ACTIVE_ARCH = NO;
				OTHER_LDFLAGS = "-ObjC";
				PRODUCT_NAME = VrInteractiveDataV5;
				SKIP_INSTALL = YES;
				TARGETED_DEVICE_FAMILY = "1,2";
				VALID_ARCHS = "arm64 armv7 armv7s i386 x86_64";
			};
			name = Release;
		};
/* End XCBuildConfiguration section */

/* Begin XCConfigurationList section */
		5016098321795E450069A347 /* Build configuration list for PBXNativeTarget "Tests" */ = {
			isa = XCConfigurationList;
			buildConfigurations = (
				5016098421795E450069A347 /* Debug */,
				5016098521795E450069A347 /* Release */,
			);
			defaultConfigurationIsVisible = 0;
			defaultConfigurationName = Release;
		};
		509915A7214B60A500E2AF83 /* Build configuration list for PBXProject "VrInteractiveTracking" */ = {
			isa = XCConfigurationList;
			buildConfigurations = (
				509915B3214B60A500E2AF83 /* Debug */,
				509915B4214B60A500E2AF83 /* Release */,
			);
			defaultConfigurationIsVisible = 0;
			defaultConfigurationName = Release;
		};
		509915B5214B60A500E2AF83 /* Build configuration list for PBXNativeTarget "VrInteractiveTracking" */ = {
			isa = XCConfigurationList;
			buildConfigurations = (
				509915B6214B60A500E2AF83 /* Debug */,
				509915B7214B60A500E2AF83 /* Release */,
			);
			defaultConfigurationIsVisible = 0;
			defaultConfigurationName = Release;
		};
/* End XCConfigurationList section */
	};
	rootObject = 509915A4214B60A500E2AF83 /* Project object */;
}
